// !$*UTF8*$!
{
	archiveVersion = 1;
	classes = {
	};
	objectVersion = 48;
	objects = {

/* Begin PBXBuildFile section */
		F60A65961F23A5D3007F581B /* PhotosTableCellView.swift in Sources */ = {isa = PBXBuildFile; fileRef = F60A65951F23A5D3007F581B /* PhotosTableCellView.swift */; };
		F60A65981F2407F4007F581B /* PhotoInfoView.swift in Sources */ = {isa = PBXBuildFile; fileRef = F60A65971F2407F4007F581B /* PhotoInfoView.swift */; };
		F63C45D420F0C77100248D36 /* ImageRepository.swift in Sources */ = {isa = PBXBuildFile; fileRef = F63C45D320F0C77000248D36 /* ImageRepository.swift */; };
		F64C09721F2155320020A548 /* AppDelegate.swift in Sources */ = {isa = PBXBuildFile; fileRef = F64C09711F2155320020A548 /* AppDelegate.swift */; };
		F64C09771F2155320020A548 /* Main.storyboard in Resources */ = {isa = PBXBuildFile; fileRef = F64C09751F2155320020A548 /* Main.storyboard */; };
		F64C09791F2155320020A548 /* Assets.xcassets in Resources */ = {isa = PBXBuildFile; fileRef = F64C09781F2155320020A548 /* Assets.xcassets */; };
		F64C097C1F2155320020A548 /* LaunchScreen.storyboard in Resources */ = {isa = PBXBuildFile; fileRef = F64C097A1F2155320020A548 /* LaunchScreen.storyboard */; };
		F64C09861F215B1B0020A548 /* FlickrAPI.swift in Sources */ = {isa = PBXBuildFile; fileRef = F64C09851F215B1B0020A548 /* FlickrAPI.swift */; };
		F64C09881F2161060020A548 /* PhotoStore.swift in Sources */ = {isa = PBXBuildFile; fileRef = F64C09871F2161060020A548 /* PhotoStore.swift */; };
		F654530E20F6D787003CF1F7 /* PhotosMainView.xib in Resources */ = {isa = PBXBuildFile; fileRef = F654530D20F6D787003CF1F7 /* PhotosMainView.xib */; };
		F654533620F81A88003CF1F7 /* TagsMainView.xib in Resources */ = {isa = PBXBuildFile; fileRef = F654533420F81A88003CF1F7 /* TagsMainView.xib */; };
		F654534120FD36DD003CF1F7 /* ImageCacheData.swift in Sources */ = {isa = PBXBuildFile; fileRef = F654534020FD36DD003CF1F7 /* ImageCacheData.swift */; };
		F654534320FD37B8003CF1F7 /* ImageFileData.swift in Sources */ = {isa = PBXBuildFile; fileRef = F654534220FD37B8003CF1F7 /* ImageFileData.swift */; };
		F654534520FD37CC003CF1F7 /* ImageRepositoryProtocols.swift in Sources */ = {isa = PBXBuildFile; fileRef = F654534420FD37CC003CF1F7 /* ImageRepositoryProtocols.swift */; };
		F654535120FD42BB003CF1F7 /* TagsRepository.swift in Sources */ = {isa = PBXBuildFile; fileRef = F654535020FD42BB003CF1F7 /* TagsRepository.swift */; };
		F654535320FD42E9003CF1F7 /* TagsRepositoryProtocols.swift in Sources */ = {isa = PBXBuildFile; fileRef = F654535220FD42E9003CF1F7 /* TagsRepositoryProtocols.swift */; };
		F654535520FD4337003CF1F7 /* TagsCoreData.swift in Sources */ = {isa = PBXBuildFile; fileRef = F654535420FD4337003CF1F7 /* TagsCoreData.swift */; };
		F654535820FE73CC003CF1F7 /* DateHelper.swift in Sources */ = {isa = PBXBuildFile; fileRef = F654535720FE73CC003CF1F7 /* DateHelper.swift */; };
		F654536B20FFDE58003CF1F7 /* Photo.swift in Sources */ = {isa = PBXBuildFile; fileRef = F654536A20FFDE58003CF1F7 /* Photo.swift */; };
		F654536E20FFDFE8003CF1F7 /* photoTransfer.swift in Sources */ = {isa = PBXBuildFile; fileRef = F654536D20FFDFE8003CF1F7 /* photoTransfer.swift */; };
		F654537320FFF1A2003CF1F7 /* PhotosRepository.swift in Sources */ = {isa = PBXBuildFile; fileRef = F654537220FFF1A2003CF1F7 /* PhotosRepository.swift */; };
		F654537520FFF1C8003CF1F7 /* PhotosCoreData.swift in Sources */ = {isa = PBXBuildFile; fileRef = F654537420FFF1C8003CF1F7 /* PhotosCoreData.swift */; };
		F654537720FFF203003CF1F7 /* PhotosRepositoryProtocol.swift in Sources */ = {isa = PBXBuildFile; fileRef = F654537620FFF203003CF1F7 /* PhotosRepositoryProtocol.swift */; };
		F654537920FFF9A9003CF1F7 /* ImageWebData.swift in Sources */ = {isa = PBXBuildFile; fileRef = F654537820FFF9A9003CF1F7 /* ImageWebData.swift */; };
		F654537B21000A16003CF1F7 /* PhotosWebData.swift in Sources */ = {isa = PBXBuildFile; fileRef = F654537A21000A16003CF1F7 /* PhotosWebData.swift */; };
		F6586D8F1F24E21D003ED305 /* Photorama.xcdatamodeld in Sources */ = {isa = PBXBuildFile; fileRef = F6586D8D1F24E21D003ED305 /* Photorama.xcdatamodeld */; };
		F6913F5520F221A8000A0630 /* PhotoInfoPresenter.swift in Sources */ = {isa = PBXBuildFile; fileRef = F6913F5420F221A8000A0630 /* PhotoInfoPresenter.swift */; };
		F6913F5820F221E2000A0630 /* PhotoInfoProtocols.swift in Sources */ = {isa = PBXBuildFile; fileRef = F6913F5720F221E2000A0630 /* PhotoInfoProtocols.swift */; };
		F6913F5C20F2A667000A0630 /* PhotoInfoRouter.swift in Sources */ = {isa = PBXBuildFile; fileRef = F6913F5B20F2A667000A0630 /* PhotoInfoRouter.swift */; };
		F6913F5F20F3D5CA000A0630 /* PhotoInfoInteractor.swift in Sources */ = {isa = PBXBuildFile; fileRef = F6913F5E20F3D5CA000A0630 /* PhotoInfoInteractor.swift */; };
		F6913F6620F3FCBA000A0630 /* TagsInteractor.swift in Sources */ = {isa = PBXBuildFile; fileRef = F6913F6520F3FCBA000A0630 /* TagsInteractor.swift */; };
		F6913F6820F3FCCF000A0630 /* TagsPresenter.swift in Sources */ = {isa = PBXBuildFile; fileRef = F6913F6720F3FCCF000A0630 /* TagsPresenter.swift */; };
		F6913F6A20F3FCDD000A0630 /* TagsProtocols.swift in Sources */ = {isa = PBXBuildFile; fileRef = F6913F6920F3FCDD000A0630 /* TagsProtocols.swift */; };
		F6913F6C20F3FCEC000A0630 /* TagsView.swift in Sources */ = {isa = PBXBuildFile; fileRef = F6913F6B20F3FCEC000A0630 /* TagsView.swift */; };
		F6913F6E20F3FCFF000A0630 /* TagsRouter.swift in Sources */ = {isa = PBXBuildFile; fileRef = F6913F6D20F3FCFF000A0630 /* TagsRouter.swift */; };
		F6913F7520F55DAA000A0630 /* PhotosRouter.swift in Sources */ = {isa = PBXBuildFile; fileRef = F6913F7420F55DAA000A0630 /* PhotosRouter.swift */; };
		F6913F7720F55DB7000A0630 /* PhotosView.swift in Sources */ = {isa = PBXBuildFile; fileRef = F6913F7620F55DB7000A0630 /* PhotosView.swift */; };
		F6913F7920F55DC2000A0630 /* PhotosProtocols.swift in Sources */ = {isa = PBXBuildFile; fileRef = F6913F7820F55DC2000A0630 /* PhotosProtocols.swift */; };
		F6913F7B20F55DCF000A0630 /* PhotosPresenter.swift in Sources */ = {isa = PBXBuildFile; fileRef = F6913F7A20F55DCF000A0630 /* PhotosPresenter.swift */; };
		F6913F7D20F55DDB000A0630 /* PhotosInteractor.swift in Sources */ = {isa = PBXBuildFile; fileRef = F6913F7C20F55DDB000A0630 /* PhotosInteractor.swift */; };
		F6913F8F20F6A9E1000A0630 /* PhotosTableCellView.xib in Resources */ = {isa = PBXBuildFile; fileRef = F6913F8E20F6A9E1000A0630 /* PhotosTableCellView.xib */; };
		F6B5931C1F24EBC200B4D139 /* Photo+CoreDataClass.swift in Sources */ = {isa = PBXBuildFile; fileRef = F6B5931A1F24EBC200B4D139 /* Photo+CoreDataClass.swift */; };
		F6B5931D1F24EBC200B4D139 /* Photo+CoreDataProperties.swift in Sources */ = {isa = PBXBuildFile; fileRef = F6B5931B1F24EBC200B4D139 /* Photo+CoreDataProperties.swift */; };
		F6B5931F1F24ED0B00B4D139 /* CoreDataStack.swift in Sources */ = {isa = PBXBuildFile; fileRef = F6B5931E1F24ED0B00B4D139 /* CoreDataStack.swift */; };
		F6C30FD221013CC80066ABAB /* PhotosCodable.swift in Sources */ = {isa = PBXBuildFile; fileRef = F6C30FD121013CC80066ABAB /* PhotosCodable.swift */; };
		F6D927A0210CD76500703210 /* PhotoInfoMainView.xib in Resources */ = {isa = PBXBuildFile; fileRef = F6D9279E210CD76500703210 /* PhotoInfoMainView.xib */; };
		F6D927A8210CD7C400703210 /* Localizable.strings in Resources */ = {isa = PBXBuildFile; fileRef = F6D927A3210CD7C400703210 /* Localizable.strings */; };
/* End PBXBuildFile section */

/* Begin PBXFileReference section */
		F60A65951F23A5D3007F581B /* PhotosTableCellView.swift */ = {isa = PBXFileReference; lastKnownFileType = sourcecode.swift; path = PhotosTableCellView.swift; sourceTree = "<group>"; };
		F60A65971F2407F4007F581B /* PhotoInfoView.swift */ = {isa = PBXFileReference; lastKnownFileType = sourcecode.swift; path = PhotoInfoView.swift; sourceTree = "<group>"; };
		F63C45D320F0C77000248D36 /* ImageRepository.swift */ = {isa = PBXFileReference; fileEncoding = 4; lastKnownFileType = sourcecode.swift; path = ImageRepository.swift; sourceTree = "<group>"; };
		F64C096E1F2155320020A548 /* Photorama.app */ = {isa = PBXFileReference; explicitFileType = wrapper.application; includeInIndex = 0; path = Photorama.app; sourceTree = BUILT_PRODUCTS_DIR; };
		F64C09711F2155320020A548 /* AppDelegate.swift */ = {isa = PBXFileReference; lastKnownFileType = sourcecode.swift; path = AppDelegate.swift; sourceTree = "<group>"; };
		F64C09761F2155320020A548 /* Base */ = {isa = PBXFileReference; lastKnownFileType = file.storyboard; name = Base; path = Base.lproj/Main.storyboard; sourceTree = "<group>"; };
		F64C09781F2155320020A548 /* Assets.xcassets */ = {isa = PBXFileReference; lastKnownFileType = folder.assetcatalog; path = Assets.xcassets; sourceTree = "<group>"; };
		F64C097B1F2155320020A548 /* Base */ = {isa = PBXFileReference; lastKnownFileType = file.storyboard; name = Base; path = Base.lproj/LaunchScreen.storyboard; sourceTree = "<group>"; };
		F64C097D1F2155320020A548 /* Info.plist */ = {isa = PBXFileReference; lastKnownFileType = text.plist.xml; path = Info.plist; sourceTree = "<group>"; };
		F64C09851F215B1B0020A548 /* FlickrAPI.swift */ = {isa = PBXFileReference; lastKnownFileType = sourcecode.swift; path = FlickrAPI.swift; sourceTree = "<group>"; };
		F64C09871F2161060020A548 /* PhotoStore.swift */ = {isa = PBXFileReference; lastKnownFileType = sourcecode.swift; path = PhotoStore.swift; sourceTree = "<group>"; };
		F654530D20F6D787003CF1F7 /* PhotosMainView.xib */ = {isa = PBXFileReference; lastKnownFileType = file.xib; path = PhotosMainView.xib; sourceTree = "<group>"; };
		F654533420F81A88003CF1F7 /* TagsMainView.xib */ = {isa = PBXFileReference; fileEncoding = 4; lastKnownFileType = file.xib; name = TagsMainView.xib; path = Photorama/Tags/View/TagsMainView.xib; sourceTree = SOURCE_ROOT; };
		F654534020FD36DD003CF1F7 /* ImageCacheData.swift */ = {isa = PBXFileReference; lastKnownFileType = sourcecode.swift; path = ImageCacheData.swift; sourceTree = "<group>"; };
		F654534220FD37B8003CF1F7 /* ImageFileData.swift */ = {isa = PBXFileReference; lastKnownFileType = sourcecode.swift; path = ImageFileData.swift; sourceTree = "<group>"; };
		F654534420FD37CC003CF1F7 /* ImageRepositoryProtocols.swift */ = {isa = PBXFileReference; lastKnownFileType = sourcecode.swift; path = ImageRepositoryProtocols.swift; sourceTree = "<group>"; };
		F654535020FD42BB003CF1F7 /* TagsRepository.swift */ = {isa = PBXFileReference; lastKnownFileType = sourcecode.swift; path = TagsRepository.swift; sourceTree = "<group>"; };
		F654535220FD42E9003CF1F7 /* TagsRepositoryProtocols.swift */ = {isa = PBXFileReference; lastKnownFileType = sourcecode.swift; path = TagsRepositoryProtocols.swift; sourceTree = "<group>"; };
		F654535420FD4337003CF1F7 /* TagsCoreData.swift */ = {isa = PBXFileReference; lastKnownFileType = sourcecode.swift; path = TagsCoreData.swift; sourceTree = "<group>"; };
		F654535720FE73CC003CF1F7 /* DateHelper.swift */ = {isa = PBXFileReference; lastKnownFileType = sourcecode.swift; path = DateHelper.swift; sourceTree = "<group>"; };
		F654536A20FFDE58003CF1F7 /* Photo.swift */ = {isa = PBXFileReference; lastKnownFileType = sourcecode.swift; path = Photo.swift; sourceTree = "<group>"; };
		F654536D20FFDFE8003CF1F7 /* photoTransfer.swift */ = {isa = PBXFileReference; lastKnownFileType = sourcecode.swift; path = photoTransfer.swift; sourceTree = "<group>"; };
		F654537220FFF1A2003CF1F7 /* PhotosRepository.swift */ = {isa = PBXFileReference; lastKnownFileType = sourcecode.swift; path = PhotosRepository.swift; sourceTree = "<group>"; };
		F654537420FFF1C8003CF1F7 /* PhotosCoreData.swift */ = {isa = PBXFileReference; lastKnownFileType = sourcecode.swift; path = PhotosCoreData.swift; sourceTree = "<group>"; };
		F654537620FFF203003CF1F7 /* PhotosRepositoryProtocol.swift */ = {isa = PBXFileReference; lastKnownFileType = sourcecode.swift; path = PhotosRepositoryProtocol.swift; sourceTree = "<group>"; };
		F654537820FFF9A9003CF1F7 /* ImageWebData.swift */ = {isa = PBXFileReference; lastKnownFileType = sourcecode.swift; path = ImageWebData.swift; sourceTree = "<group>"; };
		F654537A21000A16003CF1F7 /* PhotosWebData.swift */ = {isa = PBXFileReference; lastKnownFileType = sourcecode.swift; path = PhotosWebData.swift; sourceTree = "<group>"; };
		F6586D8E1F24E21D003ED305 /* Photorama.xcdatamodel */ = {isa = PBXFileReference; lastKnownFileType = wrapper.xcdatamodel; path = Photorama.xcdatamodel; sourceTree = "<group>"; };
		F6913F5420F221A8000A0630 /* PhotoInfoPresenter.swift */ = {isa = PBXFileReference; lastKnownFileType = sourcecode.swift; path = PhotoInfoPresenter.swift; sourceTree = "<group>"; };
		F6913F5720F221E2000A0630 /* PhotoInfoProtocols.swift */ = {isa = PBXFileReference; lastKnownFileType = sourcecode.swift; path = PhotoInfoProtocols.swift; sourceTree = "<group>"; };
		F6913F5B20F2A667000A0630 /* PhotoInfoRouter.swift */ = {isa = PBXFileReference; lastKnownFileType = sourcecode.swift; path = PhotoInfoRouter.swift; sourceTree = "<group>"; };
		F6913F5E20F3D5CA000A0630 /* PhotoInfoInteractor.swift */ = {isa = PBXFileReference; lastKnownFileType = sourcecode.swift; path = PhotoInfoInteractor.swift; sourceTree = "<group>"; };
		F6913F6520F3FCBA000A0630 /* TagsInteractor.swift */ = {isa = PBXFileReference; lastKnownFileType = sourcecode.swift; path = TagsInteractor.swift; sourceTree = "<group>"; };
		F6913F6720F3FCCF000A0630 /* TagsPresenter.swift */ = {isa = PBXFileReference; lastKnownFileType = sourcecode.swift; path = TagsPresenter.swift; sourceTree = "<group>"; };
		F6913F6920F3FCDD000A0630 /* TagsProtocols.swift */ = {isa = PBXFileReference; lastKnownFileType = sourcecode.swift; path = TagsProtocols.swift; sourceTree = "<group>"; };
		F6913F6B20F3FCEC000A0630 /* TagsView.swift */ = {isa = PBXFileReference; lastKnownFileType = sourcecode.swift; path = TagsView.swift; sourceTree = "<group>"; };
		F6913F6D20F3FCFF000A0630 /* TagsRouter.swift */ = {isa = PBXFileReference; lastKnownFileType = sourcecode.swift; path = TagsRouter.swift; sourceTree = "<group>"; };
		F6913F7420F55DAA000A0630 /* PhotosRouter.swift */ = {isa = PBXFileReference; lastKnownFileType = sourcecode.swift; path = PhotosRouter.swift; sourceTree = "<group>"; };
		F6913F7620F55DB7000A0630 /* PhotosView.swift */ = {isa = PBXFileReference; lastKnownFileType = sourcecode.swift; path = PhotosView.swift; sourceTree = "<group>"; };
		F6913F7820F55DC2000A0630 /* PhotosProtocols.swift */ = {isa = PBXFileReference; lastKnownFileType = sourcecode.swift; path = PhotosProtocols.swift; sourceTree = "<group>"; };
		F6913F7A20F55DCF000A0630 /* PhotosPresenter.swift */ = {isa = PBXFileReference; lastKnownFileType = sourcecode.swift; path = PhotosPresenter.swift; sourceTree = "<group>"; };
		F6913F7C20F55DDB000A0630 /* PhotosInteractor.swift */ = {isa = PBXFileReference; lastKnownFileType = sourcecode.swift; path = PhotosInteractor.swift; sourceTree = "<group>"; };
		F6913F8E20F6A9E1000A0630 /* PhotosTableCellView.xib */ = {isa = PBXFileReference; lastKnownFileType = file.xib; path = PhotosTableCellView.xib; sourceTree = "<group>"; };
		F6B5931A1F24EBC200B4D139 /* Photo+CoreDataClass.swift */ = {isa = PBXFileReference; lastKnownFileType = sourcecode.swift; path = "Photo+CoreDataClass.swift"; sourceTree = "<group>"; };
		F6B5931B1F24EBC200B4D139 /* Photo+CoreDataProperties.swift */ = {isa = PBXFileReference; lastKnownFileType = sourcecode.swift; path = "Photo+CoreDataProperties.swift"; sourceTree = "<group>"; };
		F6B5931E1F24ED0B00B4D139 /* CoreDataStack.swift */ = {isa = PBXFileReference; lastKnownFileType = sourcecode.swift; path = CoreDataStack.swift; sourceTree = "<group>"; };
		F6C30FD121013CC80066ABAB /* PhotosCodable.swift */ = {isa = PBXFileReference; lastKnownFileType = sourcecode.swift; path = PhotosCodable.swift; sourceTree = "<group>"; };
		F6D9279F210CD76500703210 /* Base */ = {isa = PBXFileReference; lastKnownFileType = file.xib; name = Base; path = Base.lproj/PhotoInfoMainView.xib; sourceTree = "<group>"; };
		F6D927A4210CD7C400703210 /* es */ = {isa = PBXFileReference; lastKnownFileType = text.plist.strings; name = es; path = es.lproj/Localizable.strings; sourceTree = "<group>"; };
		F6D927A5210CD7C400703210 /* en */ = {isa = PBXFileReference; lastKnownFileType = text.plist.strings; name = en; path = en.lproj/Localizable.strings; sourceTree = "<group>"; };
/* End PBXFileReference section */

/* Begin PBXFrameworksBuildPhase section */
		F64C096B1F2155320020A548 /* Frameworks */ = {
			isa = PBXFrameworksBuildPhase;
			buildActionMask = 2147483647;
			files = (
			);
			runOnlyForDeploymentPostprocessing = 0;
		};
/* End PBXFrameworksBuildPhase section */

/* Begin PBXGroup section */
		F63C45D520F0CF6300248D36 /* PhotosTable */ = {
			isa = PBXGroup;
			children = (
				F6913F6F20F55ACA000A0630 /* Interactor */,
				F6913F7020F55AD4000A0630 /* Presenter */,
				F6913F7120F55ADB000A0630 /* Protocol */,
				F6913F7220F55AE1000A0630 /* View */,
				F6913F7320F55AE7000A0630 /* Router */,
			);
			name = PhotosTable;
			path = PhotosCollection;
			sourceTree = "<group>";
		};
		F63C45D620F0CF8400248D36 /* PhotoInfo */ = {
			isa = PBXGroup;
			children = (
				F6913F5D20F3D416000A0630 /* Interactor */,
				F6913F5320F220F8000A0630 /* Presenter */,
				F6913F5620F221CA000A0630 /* Protocols */,
				F6913F5A20F227F9000A0630 /* View */,
				F6913F5920F227EE000A0630 /* router */,
			);
			path = PhotoInfo;
			sourceTree = "<group>";
		};
		F64C09651F2155320020A548 = {
			isa = PBXGroup;
			children = (
				F64C09701F2155320020A548 /* Photorama */,
				F64C096F1F2155320020A548 /* Products */,
			);
			sourceTree = "<group>";
		};
		F64C096F1F2155320020A548 /* Products */ = {
			isa = PBXGroup;
			children = (
				F64C096E1F2155320020A548 /* Photorama.app */,
			);
			name = Products;
			sourceTree = "<group>";
		};
		F64C09701F2155320020A548 /* Photorama */ = {
			isa = PBXGroup;
			children = (
				F6C30FD72105C4640066ABAB /* CoreData */,
				F6913F3720F209C3000A0630 /* Entities */,
				F6913F3A20F20A34000A0630 /* DataManager */,
				F654535620FE739F003CF1F7 /* Helpers */,
				F63C45D520F0CF6300248D36 /* PhotosTable */,
				F63C45D620F0CF8400248D36 /* PhotoInfo */,
				F6913F3820F209FE000A0630 /* Tags */,
				F64C09711F2155320020A548 /* AppDelegate.swift */,
				F64C09751F2155320020A548 /* Main.storyboard */,
				F64C09781F2155320020A548 /* Assets.xcassets */,
				F64C097A1F2155320020A548 /* LaunchScreen.storyboard */,
				F64C097D1F2155320020A548 /* Info.plist */,
			);
			path = Photorama;
			sourceTree = "<group>";
		};
		F654534620FD399E003CF1F7 /* ImageRepository */ = {
			isa = PBXGroup;
			children = (
				F654534C20FD3AF0003CF1F7 /* Datas */,
				F654534720FD39B6003CF1F7 /* Protocols */,
				F63C45D320F0C77000248D36 /* ImageRepository.swift */,
			);
			path = ImageRepository;
			sourceTree = "<group>";
		};
		F654534720FD39B6003CF1F7 /* Protocols */ = {
			isa = PBXGroup;
			children = (
				F654534420FD37CC003CF1F7 /* ImageRepositoryProtocols.swift */,
			);
			path = Protocols;
			sourceTree = "<group>";
		};
		F654534C20FD3AF0003CF1F7 /* Datas */ = {
			isa = PBXGroup;
			children = (
				F654534020FD36DD003CF1F7 /* ImageCacheData.swift */,
				F654534220FD37B8003CF1F7 /* ImageFileData.swift */,
				F654537820FFF9A9003CF1F7 /* ImageWebData.swift */,
			);
			path = Datas;
			sourceTree = "<group>";
		};
		F654534D20FD4294003CF1F7 /* TagsRepository */ = {
			isa = PBXGroup;
			children = (
				F654534E20FD42A5003CF1F7 /* Datas */,
				F654534F20FD42AB003CF1F7 /* Protocols */,
				F654535020FD42BB003CF1F7 /* TagsRepository.swift */,
			);
			path = TagsRepository;
			sourceTree = "<group>";
		};
		F654534E20FD42A5003CF1F7 /* Datas */ = {
			isa = PBXGroup;
			children = (
				F654535420FD4337003CF1F7 /* TagsCoreData.swift */,
			);
			path = Datas;
			sourceTree = "<group>";
		};
		F654534F20FD42AB003CF1F7 /* Protocols */ = {
			isa = PBXGroup;
			children = (
				F654535220FD42E9003CF1F7 /* TagsRepositoryProtocols.swift */,
			);
			path = Protocols;
			sourceTree = "<group>";
		};
		F654535620FE739F003CF1F7 /* Helpers */ = {
			isa = PBXGroup;
			children = (
				F64C09851F215B1B0020A548 /* FlickrAPI.swift */,
				F654535720FE73CC003CF1F7 /* DateHelper.swift */,
			);
			path = Helpers;
			sourceTree = "<group>";
		};
		F654536C20FFDFD7003CF1F7 /* transfers */ = {
			isa = PBXGroup;
			children = (
				F654536A20FFDE58003CF1F7 /* Photo.swift */,
				F654536D20FFDFE8003CF1F7 /* photoTransfer.swift */,
			);
			path = transfers;
			sourceTree = "<group>";
		};
		F654536F20FFF16F003CF1F7 /* PhotosRepository */ = {
			isa = PBXGroup;
			children = (
				F654537020FFF184003CF1F7 /* Datas */,
				F654537120FFF18B003CF1F7 /* Protocols */,
				F654537220FFF1A2003CF1F7 /* PhotosRepository.swift */,
			);
			path = PhotosRepository;
			sourceTree = "<group>";
		};
		F654537020FFF184003CF1F7 /* Datas */ = {
			isa = PBXGroup;
			children = (
				F654537420FFF1C8003CF1F7 /* PhotosCoreData.swift */,
				F654537A21000A16003CF1F7 /* PhotosWebData.swift */,
				F6C30FD121013CC80066ABAB /* PhotosCodable.swift */,
			);
			path = Datas;
			sourceTree = "<group>";
		};
		F654537120FFF18B003CF1F7 /* Protocols */ = {
			isa = PBXGroup;
			children = (
				F654537620FFF203003CF1F7 /* PhotosRepositoryProtocol.swift */,
			);
			path = Protocols;
			sourceTree = "<group>";
		};
		F6913F3720F209C3000A0630 /* Entities */ = {
			isa = PBXGroup;
			children = (
				F654536C20FFDFD7003CF1F7 /* transfers */,
				F6B5931A1F24EBC200B4D139 /* Photo+CoreDataClass.swift */,
				F6B5931B1F24EBC200B4D139 /* Photo+CoreDataProperties.swift */,
			);
			path = Entities;
			sourceTree = "<group>";
		};
		F6913F3820F209FE000A0630 /* Tags */ = {
			isa = PBXGroup;
			children = (
				F6913F6420F3F8B3000A0630 /* Interactor */,
				F6913F6320F3F8AC000A0630 /* Presenter */,
				F6913F6220F3F8A5000A0630 /* Protocols */,
				F6913F6120F3F899000A0630 /* View */,
				F6913F6020F3F892000A0630 /* Router */,
			);
			path = Tags;
			sourceTree = "<group>";
		};
		F6913F3A20F20A34000A0630 /* DataManager */ = {
			isa = PBXGroup;
			children = (
				F654534D20FD4294003CF1F7 /* TagsRepository */,
				F654534620FD399E003CF1F7 /* ImageRepository */,
				F654536F20FFF16F003CF1F7 /* PhotosRepository */,
				F64C09871F2161060020A548 /* PhotoStore.swift */,
			);
			path = DataManager;
			sourceTree = "<group>";
		};
		F6913F5320F220F8000A0630 /* Presenter */ = {
			isa = PBXGroup;
			children = (
				F6913F5420F221A8000A0630 /* PhotoInfoPresenter.swift */,
			);
			path = Presenter;
			sourceTree = "<group>";
		};
		F6913F5620F221CA000A0630 /* Protocols */ = {
			isa = PBXGroup;
			children = (
				F6913F5720F221E2000A0630 /* PhotoInfoProtocols.swift */,
			);
			path = Protocols;
			sourceTree = "<group>";
		};
		F6913F5920F227EE000A0630 /* router */ = {
			isa = PBXGroup;
			children = (
				F6913F5B20F2A667000A0630 /* PhotoInfoRouter.swift */,
			);
			path = router;
			sourceTree = "<group>";
		};
		F6913F5A20F227F9000A0630 /* View */ = {
			isa = PBXGroup;
			children = (
				F6D9279E210CD76500703210 /* PhotoInfoMainView.xib */,
				F60A65971F2407F4007F581B /* PhotoInfoView.swift */,
			);
			path = View;
			sourceTree = "<group>";
		};
		F6913F5D20F3D416000A0630 /* Interactor */ = {
			isa = PBXGroup;
			children = (
				F6913F5E20F3D5CA000A0630 /* PhotoInfoInteractor.swift */,
			);
			path = Interactor;
			sourceTree = "<group>";
		};
		F6913F6020F3F892000A0630 /* Router */ = {
			isa = PBXGroup;
			children = (
				F6913F6D20F3FCFF000A0630 /* TagsRouter.swift */,
			);
			path = Router;
			sourceTree = "<group>";
		};
		F6913F6120F3F899000A0630 /* View */ = {
			isa = PBXGroup;
			children = (
				F6D927A3210CD7C400703210 /* Localizable.strings */,
				F6913F6B20F3FCEC000A0630 /* TagsView.swift */,
				F654533420F81A88003CF1F7 /* TagsMainView.xib */,
			);
			path = View;
			sourceTree = "<group>";
		};
		F6913F6220F3F8A5000A0630 /* Protocols */ = {
			isa = PBXGroup;
			children = (
				F6913F6920F3FCDD000A0630 /* TagsProtocols.swift */,
			);
			path = Protocols;
			sourceTree = "<group>";
		};
		F6913F6320F3F8AC000A0630 /* Presenter */ = {
			isa = PBXGroup;
			children = (
				F6913F6720F3FCCF000A0630 /* TagsPresenter.swift */,
			);
			path = Presenter;
			sourceTree = "<group>";
		};
		F6913F6420F3F8B3000A0630 /* Interactor */ = {
			isa = PBXGroup;
			children = (
				F6913F6520F3FCBA000A0630 /* TagsInteractor.swift */,
			);
			path = Interactor;
			sourceTree = "<group>";
		};
		F6913F6F20F55ACA000A0630 /* Interactor */ = {
			isa = PBXGroup;
			children = (
				F6913F7C20F55DDB000A0630 /* PhotosInteractor.swift */,
			);
			path = Interactor;
			sourceTree = "<group>";
		};
		F6913F7020F55AD4000A0630 /* Presenter */ = {
			isa = PBXGroup;
			children = (
				F6913F7A20F55DCF000A0630 /* PhotosPresenter.swift */,
			);
			path = Presenter;
			sourceTree = "<group>";
		};
		F6913F7120F55ADB000A0630 /* Protocol */ = {
			isa = PBXGroup;
			children = (
				F6913F7820F55DC2000A0630 /* PhotosProtocols.swift */,
			);
			path = Protocol;
			sourceTree = "<group>";
		};
		F6913F7220F55AE1000A0630 /* View */ = {
			isa = PBXGroup;
			children = (
				F6913F7620F55DB7000A0630 /* PhotosView.swift */,
				F654530D20F6D787003CF1F7 /* PhotosMainView.xib */,
				F60A65951F23A5D3007F581B /* PhotosTableCellView.swift */,
				F6913F8E20F6A9E1000A0630 /* PhotosTableCellView.xib */,
			);
			path = View;
			sourceTree = "<group>";
		};
		F6913F7320F55AE7000A0630 /* Router */ = {
			isa = PBXGroup;
			children = (
				F6913F7420F55DAA000A0630 /* PhotosRouter.swift */,
			);
			path = Router;
			sourceTree = "<group>";
		};
		F6C30FD72105C4640066ABAB /* CoreData */ = {
			isa = PBXGroup;
			children = (
				F6586D8D1F24E21D003ED305 /* Photorama.xcdatamodeld */,
				F6B5931E1F24ED0B00B4D139 /* CoreDataStack.swift */,
			);
			path = CoreData;
			sourceTree = "<group>";
		};
/* End PBXGroup section */

/* Begin PBXNativeTarget section */
		F64C096D1F2155320020A548 /* Photorama */ = {
			isa = PBXNativeTarget;
			buildConfigurationList = F64C09801F2155320020A548 /* Build configuration list for PBXNativeTarget "Photorama" */;
			buildPhases = (
				F64C096A1F2155320020A548 /* Sources */,
				F64C096B1F2155320020A548 /* Frameworks */,
				F64C096C1F2155320020A548 /* Resources */,
			);
			buildRules = (
			);
			dependencies = (
			);
			name = Photorama;
			productName = Photorama;
			productReference = F64C096E1F2155320020A548 /* Photorama.app */;
			productType = "com.apple.product-type.application";
		};
/* End PBXNativeTarget section */

/* Begin PBXProject section */
		F64C09661F2155320020A548 /* Project object */ = {
			isa = PBXProject;
			attributes = {
				LastSwiftUpdateCheck = 0900;
				LastUpgradeCheck = 0930;
				ORGANIZATIONNAME = "juan sicilia";
				TargetAttributes = {
					F64C096D1F2155320020A548 = {
						CreatedOnToolsVersion = 9.0;
					};
				};
			};
			buildConfigurationList = F64C09691F2155320020A548 /* Build configuration list for PBXProject "Photorama" */;
			compatibilityVersion = "Xcode 8.0";
			developmentRegion = en;
			hasScannedForEncodings = 0;
			knownRegions = (
				en,
				Base,
				es,
			);
			mainGroup = F64C09651F2155320020A548;
			productRefGroup = F64C096F1F2155320020A548 /* Products */;
			projectDirPath = "";
			projectRoot = "";
			targets = (
				F64C096D1F2155320020A548 /* Photorama */,
			);
		};
/* End PBXProject section */

/* Begin PBXResourcesBuildPhase section */
		F64C096C1F2155320020A548 /* Resources */ = {
			isa = PBXResourcesBuildPhase;
			buildActionMask = 2147483647;
			files = (
				F64C097C1F2155320020A548 /* LaunchScreen.storyboard in Resources */,
				F64C09791F2155320020A548 /* Assets.xcassets in Resources */,
				F64C09771F2155320020A548 /* Main.storyboard in Resources */,
				F6D927A0210CD76500703210 /* PhotoInfoMainView.xib in Resources */,
				F6D927A8210CD7C400703210 /* Localizable.strings in Resources */,
				F6913F8F20F6A9E1000A0630 /* PhotosTableCellView.xib in Resources */,
				F654530E20F6D787003CF1F7 /* PhotosMainView.xib in Resources */,
				F654533620F81A88003CF1F7 /* TagsMainView.xib in Resources */,
			);
			runOnlyForDeploymentPostprocessing = 0;
		};
/* End PBXResourcesBuildPhase section */

/* Begin PBXSourcesBuildPhase section */
		F64C096A1F2155320020A548 /* Sources */ = {
			isa = PBXSourcesBuildPhase;
			buildActionMask = 2147483647;
			files = (
				F654535820FE73CC003CF1F7 /* DateHelper.swift in Sources */,
				F6913F7720F55DB7000A0630 /* PhotosView.swift in Sources */,
				F654537320FFF1A2003CF1F7 /* PhotosRepository.swift in Sources */,
				F64C09861F215B1B0020A548 /* FlickrAPI.swift in Sources */,
				F654535520FD4337003CF1F7 /* TagsCoreData.swift in Sources */,
				F6C30FD221013CC80066ABAB /* PhotosCodable.swift in Sources */,
				F654537520FFF1C8003CF1F7 /* PhotosCoreData.swift in Sources */,
				F6913F5520F221A8000A0630 /* PhotoInfoPresenter.swift in Sources */,
				F6913F7B20F55DCF000A0630 /* PhotosPresenter.swift in Sources */,
				F6586D8F1F24E21D003ED305 /* Photorama.xcdatamodeld in Sources */,
				F6913F7520F55DAA000A0630 /* PhotosRouter.swift in Sources */,
				F6913F5F20F3D5CA000A0630 /* PhotoInfoInteractor.swift in Sources */,
				F64C09881F2161060020A548 /* PhotoStore.swift in Sources */,
				F654537720FFF203003CF1F7 /* PhotosRepositoryProtocol.swift in Sources */,
				F654534320FD37B8003CF1F7 /* ImageFileData.swift in Sources */,
				F654536B20FFDE58003CF1F7 /* Photo.swift in Sources */,
				F654534120FD36DD003CF1F7 /* ImageCacheData.swift in Sources */,
				F6913F6C20F3FCEC000A0630 /* TagsView.swift in Sources */,
				F60A65961F23A5D3007F581B /* PhotosTableCellView.swift in Sources */,
				F6913F7920F55DC2000A0630 /* PhotosProtocols.swift in Sources */,
				F6913F5820F221E2000A0630 /* PhotoInfoProtocols.swift in Sources */,
				F654536E20FFDFE8003CF1F7 /* photoTransfer.swift in Sources */,
				F654535120FD42BB003CF1F7 /* TagsRepository.swift in Sources */,
				F63C45D420F0C77100248D36 /* ImageRepository.swift in Sources */,
				F6B5931F1F24ED0B00B4D139 /* CoreDataStack.swift in Sources */,
				F6B5931C1F24EBC200B4D139 /* Photo+CoreDataClass.swift in Sources */,
				F654537B21000A16003CF1F7 /* PhotosWebData.swift in Sources */,
				F6913F6E20F3FCFF000A0630 /* TagsRouter.swift in Sources */,
				F654537920FFF9A9003CF1F7 /* ImageWebData.swift in Sources */,
				F6913F6820F3FCCF000A0630 /* TagsPresenter.swift in Sources */,
				F60A65981F2407F4007F581B /* PhotoInfoView.swift in Sources */,
				F6B5931D1F24EBC200B4D139 /* Photo+CoreDataProperties.swift in Sources */,
				F6913F6A20F3FCDD000A0630 /* TagsProtocols.swift in Sources */,
				F6913F6620F3FCBA000A0630 /* TagsInteractor.swift in Sources */,
				F6913F7D20F55DDB000A0630 /* PhotosInteractor.swift in Sources */,
				F654534520FD37CC003CF1F7 /* ImageRepositoryProtocols.swift in Sources */,
				F64C09721F2155320020A548 /* AppDelegate.swift in Sources */,
				F654535320FD42E9003CF1F7 /* TagsRepositoryProtocols.swift in Sources */,
				F6913F5C20F2A667000A0630 /* PhotoInfoRouter.swift in Sources */,
			);
			runOnlyForDeploymentPostprocessing = 0;
		};
/* End PBXSourcesBuildPhase section */

/* Begin PBXVariantGroup section */
		F64C09751F2155320020A548 /* Main.storyboard */ = {
			isa = PBXVariantGroup;
			children = (
				F64C09761F2155320020A548 /* Base */,
			);
			name = Main.storyboard;
			sourceTree = "<group>";
		};
		F64C097A1F2155320020A548 /* LaunchScreen.storyboard */ = {
			isa = PBXVariantGroup;
			children = (
				F64C097B1F2155320020A548 /* Base */,
			);
			name = LaunchScreen.storyboard;
			sourceTree = "<group>";
		};
		F6D9279E210CD76500703210 /* PhotoInfoMainView.xib */ = {
			isa = PBXVariantGroup;
			children = (
				F6D9279F210CD76500703210 /* Base */,
			);
			name = PhotoInfoMainView.xib;
			sourceTree = "<group>";
		};
		F6D927A3210CD7C400703210 /* Localizable.strings */ = {
			isa = PBXVariantGroup;
			children = (
				F6D927A4210CD7C400703210 /* es */,
				F6D927A5210CD7C400703210 /* en */,
			);
			name = Localizable.strings;
			sourceTree = "<group>";
		};
/* End PBXVariantGroup section */

/* Begin XCBuildConfiguration section */
		F64C097E1F2155320020A548 /* Debug */ = {
			isa = XCBuildConfiguration;
			buildSettings = {
				ALWAYS_SEARCH_USER_PATHS = NO;
				CLANG_ANALYZER_NONNULL = YES;
				CLANG_ANALYZER_NUMBER_OBJECT_CONVERSION = YES_AGGRESSIVE;
				CLANG_CXX_LANGUAGE_STANDARD = "gnu++14";
				CLANG_CXX_LIBRARY = "libc++";
				CLANG_ENABLE_MODULES = YES;
				CLANG_ENABLE_OBJC_ARC = YES;
				CLANG_WARN_BLOCK_CAPTURE_AUTORELEASING = YES;
				CLANG_WARN_BOOL_CONVERSION = YES;
				CLANG_WARN_COMMA = YES;
				CLANG_WARN_CONSTANT_CONVERSION = YES;
				CLANG_WARN_DEPRECATED_OBJC_IMPLEMENTATIONS = YES;
				CLANG_WARN_DIRECT_OBJC_ISA_USAGE = YES_ERROR;
				CLANG_WARN_DOCUMENTATION_COMMENTS = YES;
				CLANG_WARN_EMPTY_BODY = YES;
				CLANG_WARN_ENUM_CONVERSION = YES;
				CLANG_WARN_INFINITE_RECURSION = YES;
				CLANG_WARN_INT_CONVERSION = YES;
				CLANG_WARN_NON_LITERAL_NULL_CONVERSION = YES;
				CLANG_WARN_OBJC_IMPLICIT_RETAIN_SELF = YES;
				CLANG_WARN_OBJC_LITERAL_CONVERSION = YES;
				CLANG_WARN_OBJC_ROOT_CLASS = YES_ERROR;
				CLANG_WARN_RANGE_LOOP_ANALYSIS = YES;
				CLANG_WARN_STRICT_PROTOTYPES = YES;
				CLANG_WARN_SUSPICIOUS_MOVE = YES;
				CLANG_WARN_UNGUARDED_AVAILABILITY = YES_AGGRESSIVE;
				CLANG_WARN_UNREACHABLE_CODE = YES;
				CLANG_WARN__DUPLICATE_METHOD_MATCH = YES;
				CODE_SIGN_IDENTITY = "iPhone Developer";
				COPY_PHASE_STRIP = NO;
				DEBUG_INFORMATION_FORMAT = dwarf;
				ENABLE_STRICT_OBJC_MSGSEND = YES;
				ENABLE_TESTABILITY = YES;
				GCC_C_LANGUAGE_STANDARD = gnu11;
				GCC_DYNAMIC_NO_PIC = NO;
				GCC_NO_COMMON_BLOCKS = YES;
				GCC_OPTIMIZATION_LEVEL = 0;
				GCC_PREPROCESSOR_DEFINITIONS = (
					"DEBUG=1",
					"$(inherited)",
				);
				GCC_WARN_64_TO_32_BIT_CONVERSION = YES;
				GCC_WARN_ABOUT_RETURN_TYPE = YES_ERROR;
				GCC_WARN_UNDECLARED_SELECTOR = YES;
				GCC_WARN_UNINITIALIZED_AUTOS = YES_AGGRESSIVE;
				GCC_WARN_UNUSED_FUNCTION = YES;
				GCC_WARN_UNUSED_VARIABLE = YES;
				IPHONEOS_DEPLOYMENT_TARGET = 11.0;
				MTL_ENABLE_DEBUG_INFO = YES;
				ONLY_ACTIVE_ARCH = YES;
				SDKROOT = iphoneos;
				SWIFT_ACTIVE_COMPILATION_CONDITIONS = DEBUG;
				SWIFT_OPTIMIZATION_LEVEL = "-Onone";
			};
			name = Debug;
		};
		F64C097F1F2155320020A548 /* Release */ = {
			isa = XCBuildConfiguration;
			buildSettings = {
				ALWAYS_SEARCH_USER_PATHS = NO;
				CLANG_ANALYZER_NONNULL = YES;
				CLANG_ANALYZER_NUMBER_OBJECT_CONVERSION = YES_AGGRESSIVE;
				CLANG_CXX_LANGUAGE_STANDARD = "gnu++14";
				CLANG_CXX_LIBRARY = "libc++";
				CLANG_ENABLE_MODULES = YES;
				CLANG_ENABLE_OBJC_ARC = YES;
				CLANG_WARN_BLOCK_CAPTURE_AUTORELEASING = YES;
				CLANG_WARN_BOOL_CONVERSION = YES;
				CLANG_WARN_COMMA = YES;
				CLANG_WARN_CONSTANT_CONVERSION = YES;
				CLANG_WARN_DEPRECATED_OBJC_IMPLEMENTATIONS = YES;
				CLANG_WARN_DIRECT_OBJC_ISA_USAGE = YES_ERROR;
				CLANG_WARN_DOCUMENTATION_COMMENTS = YES;
				CLANG_WARN_EMPTY_BODY = YES;
				CLANG_WARN_ENUM_CONVERSION = YES;
				CLANG_WARN_INFINITE_RECURSION = YES;
				CLANG_WARN_INT_CONVERSION = YES;
				CLANG_WARN_NON_LITERAL_NULL_CONVERSION = YES;
				CLANG_WARN_OBJC_IMPLICIT_RETAIN_SELF = YES;
				CLANG_WARN_OBJC_LITERAL_CONVERSION = YES;
				CLANG_WARN_OBJC_ROOT_CLASS = YES_ERROR;
				CLANG_WARN_RANGE_LOOP_ANALYSIS = YES;
				CLANG_WARN_STRICT_PROTOTYPES = YES;
				CLANG_WARN_SUSPICIOUS_MOVE = YES;
				CLANG_WARN_UNGUARDED_AVAILABILITY = YES_AGGRESSIVE;
				CLANG_WARN_UNREACHABLE_CODE = YES;
				CLANG_WARN__DUPLICATE_METHOD_MATCH = YES;
				CODE_SIGN_IDENTITY = "iPhone Developer";
				COPY_PHASE_STRIP = NO;
				DEBUG_INFORMATION_FORMAT = "dwarf-with-dsym";
				ENABLE_NS_ASSERTIONS = NO;
				ENABLE_STRICT_OBJC_MSGSEND = YES;
				GCC_C_LANGUAGE_STANDARD = gnu11;
				GCC_NO_COMMON_BLOCKS = YES;
				GCC_WARN_64_TO_32_BIT_CONVERSION = YES;
				GCC_WARN_ABOUT_RETURN_TYPE = YES_ERROR;
				GCC_WARN_UNDECLARED_SELECTOR = YES;
				GCC_WARN_UNINITIALIZED_AUTOS = YES_AGGRESSIVE;
				GCC_WARN_UNUSED_FUNCTION = YES;
				GCC_WARN_UNUSED_VARIABLE = YES;
				IPHONEOS_DEPLOYMENT_TARGET = 11.0;
				MTL_ENABLE_DEBUG_INFO = NO;
				SDKROOT = iphoneos;
				SWIFT_OPTIMIZATION_LEVEL = "-Owholemodule";
				VALIDATE_PRODUCT = YES;
			};
			name = Release;
		};
		F64C09811F2155320020A548 /* Debug */ = {
			isa = XCBuildConfiguration;
			buildSettings = {
				ASSETCATALOG_COMPILER_APPICON_NAME = AppIcon;
				DEVELOPMENT_TEAM = CX8LB8JWWF;
				INFOPLIST_FILE = Photorama/Info.plist;
				LD_RUNPATH_SEARCH_PATHS = "$(inherited) @executable_path/Frameworks";
				PRODUCT_BUNDLE_IDENTIFIER = es.juansicilia.www.Photorama;
				PRODUCT_NAME = "$(TARGET_NAME)";
				SWIFT_VERSION = 4.0;
				TARGETED_DEVICE_FAMILY = "1,2";
			};
			name = Debug;
		};
		F64C09821F2155320020A548 /* Release */ = {
			isa = XCBuildConfiguration;
			buildSettings = {
				ASSETCATALOG_COMPILER_APPICON_NAME = AppIcon;
				DEVELOPMENT_TEAM = CX8LB8JWWF;
				INFOPLIST_FILE = Photorama/Info.plist;
				LD_RUNPATH_SEARCH_PATHS = "$(inherited) @executable_path/Frameworks";
				PRODUCT_BUNDLE_IDENTIFIER = es.juansicilia.www.Photorama;
				PRODUCT_NAME = "$(TARGET_NAME)";
				SWIFT_VERSION = 4.0;
				TARGETED_DEVICE_FAMILY = "1,2";
			};
			name = Release;
		};
/* End XCBuildConfiguration section */

/* Begin XCConfigurationList section */
		F64C09691F2155320020A548 /* Build configuration list for PBXProject "Photorama" */ = {
			isa = XCConfigurationList;
			buildConfigurations = (
				F64C097E1F2155320020A548 /* Debug */,
				F64C097F1F2155320020A548 /* Release */,
			);
			defaultConfigurationIsVisible = 0;
			defaultConfigurationName = Release;
		};
		F64C09801F2155320020A548 /* Build configuration list for PBXNativeTarget "Photorama" */ = {
			isa = XCConfigurationList;
			buildConfigurations = (
				F64C09811F2155320020A548 /* Debug */,
				F64C09821F2155320020A548 /* Release */,
			);
			defaultConfigurationIsVisible = 0;
			defaultConfigurationName = Release;
		};
/* End XCConfigurationList section */

/* Begin XCVersionGroup section */
		F6586D8D1F24E21D003ED305 /* Photorama.xcdatamodeld */ = {
			isa = XCVersionGroup;
			children = (
				F6586D8E1F24E21D003ED305 /* Photorama.xcdatamodel */,
			);
			currentVersion = F6586D8E1F24E21D003ED305 /* Photorama.xcdatamodel */;
			path = Photorama.xcdatamodeld;
			sourceTree = "<group>";
			versionGroupType = wrapper.xcdatamodel;
		};
/* End XCVersionGroup section */
	};
	rootObject = F64C09661F2155320020A548 /* Project object */;
}
