// !$*UTF8*$!
{
	archiveVersion = 1;
	classes = {
	};
	objectVersion = 48;
	objects = {

/* Begin PBXBuildFile section */
		33F905FFADE42A0FAA00EC84 /* Pods_Photorama.framework in Frameworks */ = {isa = PBXBuildFile; fileRef = 9AD67B62E003AD474A5D58D0 /* Pods_Photorama.framework */; };
		796FEF37DB68579A655E81E1 /* Pods_PhotoramaTests.framework in Frameworks */ = {isa = PBXBuildFile; fileRef = 2C95C7E2F5B70D57C83C2893 /* Pods_PhotoramaTests.framework */; };
		F60A65961F23A5D3007F581B /* PhotosTableCellView.swift in Sources */ = {isa = PBXBuildFile; fileRef = F60A65951F23A5D3007F581B /* PhotosTableCellView.swift */; };
		F60A65981F2407F4007F581B /* PhotoInfoView.swift in Sources */ = {isa = PBXBuildFile; fileRef = F60A65971F2407F4007F581B /* PhotoInfoView.swift */; };
		F6169B322117AD4F00618F77 /* PhotoInfoView.strings in Resources */ = {isa = PBXBuildFile; fileRef = F6169B2F2117AD4F00618F77 /* PhotoInfoView.strings */; };
		F6169B3C2118F6EA00618F77 /* PhotoramaTests.swift in Sources */ = {isa = PBXBuildFile; fileRef = F6169B3B2118F6EA00618F77 /* PhotoramaTests.swift */; };
		F6169B492118F7B500618F77 /* TagsInteractorTests.swift in Sources */ = {isa = PBXBuildFile; fileRef = F6169B482118F7B500618F77 /* TagsInteractorTests.swift */; };
		F6169B4B2118F7F800618F77 /* TagsPresenterTests.swift in Sources */ = {isa = PBXBuildFile; fileRef = F6169B4A2118F7F800618F77 /* TagsPresenterTests.swift */; };
		F6169B5A2118F96000618F77 /* PhotoTests.swift in Sources */ = {isa = PBXBuildFile; fileRef = F6169B592118F96000618F77 /* PhotoTests.swift */; };
		F6169B5C2118F98800618F77 /* PhotoTransferTests.swift in Sources */ = {isa = PBXBuildFile; fileRef = F6169B5B2118F98800618F77 /* PhotoTransferTests.swift */; };
		F6169B622118F9F900618F77 /* TagsCoreDataTests.swift in Sources */ = {isa = PBXBuildFile; fileRef = F6169B612118F9F900618F77 /* TagsCoreDataTests.swift */; };
		F6169B642118FA2900618F77 /* TagsRepositoryTests.swift in Sources */ = {isa = PBXBuildFile; fileRef = F6169B632118FA2900618F77 /* TagsRepositoryTests.swift */; };
		F6169B702118FB3600618F77 /* PhotosInteractorTests.swift in Sources */ = {isa = PBXBuildFile; fileRef = F6169B6F2118FB3600618F77 /* PhotosInteractorTests.swift */; };
		F6169B722118FB8200618F77 /* PhotosPresenterTests.swift in Sources */ = {isa = PBXBuildFile; fileRef = F6169B712118FB8200618F77 /* PhotosPresenterTests.swift */; };
		F6169B802118FD3D00618F77 /* PhotoInfoPresenterTests.swift in Sources */ = {isa = PBXBuildFile; fileRef = F6169B7F2118FD3D00618F77 /* PhotoInfoPresenterTests.swift */; };
		F6169B822118FD4E00618F77 /* PhotoInfoInteractorTests.swift in Sources */ = {isa = PBXBuildFile; fileRef = F6169B812118FD4E00618F77 /* PhotoInfoInteractorTests.swift */; };
		F6169B8B211A3E9700618F77 /* PhotosRouterDI.swift in Sources */ = {isa = PBXBuildFile; fileRef = F6169B8A211A3E9700618F77 /* PhotosRouterDI.swift */; };
		F6169B8D211A4A2E00618F77 /* PhotoInfoRouterDI.swift in Sources */ = {isa = PBXBuildFile; fileRef = F6169B8C211A4A2E00618F77 /* PhotoInfoRouterDI.swift */; };
		F6169B8F211A4B4F00618F77 /* TagsRouterDI.swift in Sources */ = {isa = PBXBuildFile; fileRef = F6169B8E211A4B4F00618F77 /* TagsRouterDI.swift */; };
		F6169B91211A4DD200618F77 /* RouterDIProtrocol.swift in Sources */ = {isa = PBXBuildFile; fileRef = F6169B90211A4DD200618F77 /* RouterDIProtrocol.swift */; };
		F6180E32211CEC01008BA6E1 /* TestHelpers.swift in Sources */ = {isa = PBXBuildFile; fileRef = F6180E31211CEC01008BA6E1 /* TestHelpers.swift */; };
		F6180E352120387D008BA6E1 /* MockcoreDataStack.swift in Sources */ = {isa = PBXBuildFile; fileRef = F6180E342120387D008BA6E1 /* MockcoreDataStack.swift */; };
		F6180E752120E12C008BA6E1 /* PhotosTableUITests.swift in Sources */ = {isa = PBXBuildFile; fileRef = F6180E742120E12C008BA6E1 /* PhotosTableUITests.swift */; };
		F6180E772120E199008BA6E1 /* PhotoInfoUITests.swift in Sources */ = {isa = PBXBuildFile; fileRef = F6180E762120E199008BA6E1 /* PhotoInfoUITests.swift */; };
		F6180E792120E1B4008BA6E1 /* TagsUITests.swift in Sources */ = {isa = PBXBuildFile; fileRef = F6180E782120E1B4008BA6E1 /* TagsUITests.swift */; };
		F63C45D420F0C77100248D36 /* ImageRepository.swift in Sources */ = {isa = PBXBuildFile; fileRef = F63C45D320F0C77000248D36 /* ImageRepository.swift */; };
		F64C09721F2155320020A548 /* AppDelegate.swift in Sources */ = {isa = PBXBuildFile; fileRef = F64C09711F2155320020A548 /* AppDelegate.swift */; };
		F64C09771F2155320020A548 /* Main.storyboard in Resources */ = {isa = PBXBuildFile; fileRef = F64C09751F2155320020A548 /* Main.storyboard */; };
		F64C09791F2155320020A548 /* Assets.xcassets in Resources */ = {isa = PBXBuildFile; fileRef = F64C09781F2155320020A548 /* Assets.xcassets */; };
		F64C097C1F2155320020A548 /* LaunchScreen.storyboard in Resources */ = {isa = PBXBuildFile; fileRef = F64C097A1F2155320020A548 /* LaunchScreen.storyboard */; };
		F64C09861F215B1B0020A548 /* FlickrAPI.swift in Sources */ = {isa = PBXBuildFile; fileRef = F64C09851F215B1B0020A548 /* FlickrAPI.swift */; };
		F64C09881F2161060020A548 /* PhotoStore.swift in Sources */ = {isa = PBXBuildFile; fileRef = F64C09871F2161060020A548 /* PhotoStore.swift */; };
		F654530E20F6D787003CF1F7 /* PhotosView.xib in Resources */ = {isa = PBXBuildFile; fileRef = F654530D20F6D787003CF1F7 /* PhotosView.xib */; };
		F654533620F81A88003CF1F7 /* TagsView.xib in Resources */ = {isa = PBXBuildFile; fileRef = F654533420F81A88003CF1F7 /* TagsView.xib */; };
		F654534120FD36DD003CF1F7 /* ImageCacheData.swift in Sources */ = {isa = PBXBuildFile; fileRef = F654534020FD36DD003CF1F7 /* ImageCacheData.swift */; };
		F654534320FD37B8003CF1F7 /* ImageFileData.swift in Sources */ = {isa = PBXBuildFile; fileRef = F654534220FD37B8003CF1F7 /* ImageFileData.swift */; };
		F654534520FD37CC003CF1F7 /* ImageRepositoryProtocols.swift in Sources */ = {isa = PBXBuildFile; fileRef = F654534420FD37CC003CF1F7 /* ImageRepositoryProtocols.swift */; };
		F654535120FD42BB003CF1F7 /* TagsRepository.swift in Sources */ = {isa = PBXBuildFile; fileRef = F654535020FD42BB003CF1F7 /* TagsRepository.swift */; };
		F654535320FD42E9003CF1F7 /* TagsRepositoryProtocols.swift in Sources */ = {isa = PBXBuildFile; fileRef = F654535220FD42E9003CF1F7 /* TagsRepositoryProtocols.swift */; };
		F654535520FD4337003CF1F7 /* TagsCoreData.swift in Sources */ = {isa = PBXBuildFile; fileRef = F654535420FD4337003CF1F7 /* TagsCoreData.swift */; };
		F654535820FE73CC003CF1F7 /* DateHelper.swift in Sources */ = {isa = PBXBuildFile; fileRef = F654535720FE73CC003CF1F7 /* DateHelper.swift */; };
		F654536B20FFDE58003CF1F7 /* Photo.swift in Sources */ = {isa = PBXBuildFile; fileRef = F654536A20FFDE58003CF1F7 /* Photo.swift */; };
		F654536E20FFDFE8003CF1F7 /* photoTransfer.swift in Sources */ = {isa = PBXBuildFile; fileRef = F654536D20FFDFE8003CF1F7 /* photoTransfer.swift */; };
		F654537320FFF1A2003CF1F7 /* PhotosRepository.swift in Sources */ = {isa = PBXBuildFile; fileRef = F654537220FFF1A2003CF1F7 /* PhotosRepository.swift */; };
		F654537520FFF1C8003CF1F7 /* PhotosCoreData.swift in Sources */ = {isa = PBXBuildFile; fileRef = F654537420FFF1C8003CF1F7 /* PhotosCoreData.swift */; };
		F654537720FFF203003CF1F7 /* PhotosRepositoryProtocol.swift in Sources */ = {isa = PBXBuildFile; fileRef = F654537620FFF203003CF1F7 /* PhotosRepositoryProtocol.swift */; };
		F654537920FFF9A9003CF1F7 /* ImageWebData.swift in Sources */ = {isa = PBXBuildFile; fileRef = F654537820FFF9A9003CF1F7 /* ImageWebData.swift */; };
		F654537B21000A16003CF1F7 /* PhotosWebData.swift in Sources */ = {isa = PBXBuildFile; fileRef = F654537A21000A16003CF1F7 /* PhotosWebData.swift */; };
		F6586D8F1F24E21D003ED305 /* Photorama.xcdatamodeld in Sources */ = {isa = PBXBuildFile; fileRef = F6586D8D1F24E21D003ED305 /* Photorama.xcdatamodeld */; };
		F6913F5520F221A8000A0630 /* PhotoInfoPresenter.swift in Sources */ = {isa = PBXBuildFile; fileRef = F6913F5420F221A8000A0630 /* PhotoInfoPresenter.swift */; };
		F6913F5820F221E2000A0630 /* PhotoInfoProtocols.swift in Sources */ = {isa = PBXBuildFile; fileRef = F6913F5720F221E2000A0630 /* PhotoInfoProtocols.swift */; };
		F6913F5C20F2A667000A0630 /* PhotoInfoRouter.swift in Sources */ = {isa = PBXBuildFile; fileRef = F6913F5B20F2A667000A0630 /* PhotoInfoRouter.swift */; };
		F6913F5F20F3D5CA000A0630 /* PhotoInfoInteractor.swift in Sources */ = {isa = PBXBuildFile; fileRef = F6913F5E20F3D5CA000A0630 /* PhotoInfoInteractor.swift */; };
		F6913F6620F3FCBA000A0630 /* TagsInteractor.swift in Sources */ = {isa = PBXBuildFile; fileRef = F6913F6520F3FCBA000A0630 /* TagsInteractor.swift */; };
		F6913F6820F3FCCF000A0630 /* TagsPresenter.swift in Sources */ = {isa = PBXBuildFile; fileRef = F6913F6720F3FCCF000A0630 /* TagsPresenter.swift */; };
		F6913F6A20F3FCDD000A0630 /* TagsProtocols.swift in Sources */ = {isa = PBXBuildFile; fileRef = F6913F6920F3FCDD000A0630 /* TagsProtocols.swift */; };
		F6913F6C20F3FCEC000A0630 /* TagsView.swift in Sources */ = {isa = PBXBuildFile; fileRef = F6913F6B20F3FCEC000A0630 /* TagsView.swift */; };
		F6913F6E20F3FCFF000A0630 /* TagsRouter.swift in Sources */ = {isa = PBXBuildFile; fileRef = F6913F6D20F3FCFF000A0630 /* TagsRouter.swift */; };
		F6913F7520F55DAA000A0630 /* PhotosRouter.swift in Sources */ = {isa = PBXBuildFile; fileRef = F6913F7420F55DAA000A0630 /* PhotosRouter.swift */; };
		F6913F7720F55DB7000A0630 /* PhotosView.swift in Sources */ = {isa = PBXBuildFile; fileRef = F6913F7620F55DB7000A0630 /* PhotosView.swift */; };
		F6913F7920F55DC2000A0630 /* PhotosProtocols.swift in Sources */ = {isa = PBXBuildFile; fileRef = F6913F7820F55DC2000A0630 /* PhotosProtocols.swift */; };
		F6913F7B20F55DCF000A0630 /* PhotosPresenter.swift in Sources */ = {isa = PBXBuildFile; fileRef = F6913F7A20F55DCF000A0630 /* PhotosPresenter.swift */; };
		F6913F7D20F55DDB000A0630 /* PhotosInteractor.swift in Sources */ = {isa = PBXBuildFile; fileRef = F6913F7C20F55DDB000A0630 /* PhotosInteractor.swift */; };
		F6913F8F20F6A9E1000A0630 /* PhotosTableCellView.xib in Resources */ = {isa = PBXBuildFile; fileRef = F6913F8E20F6A9E1000A0630 /* PhotosTableCellView.xib */; };
		F6B4FF3721170380008527D6 /* TagsView+DataSource.swift in Sources */ = {isa = PBXBuildFile; fileRef = F6B4FF3621170380008527D6 /* TagsView+DataSource.swift */; };
		F6B4FF39211703D9008527D6 /* TagsView-Delegate.swift in Sources */ = {isa = PBXBuildFile; fileRef = F6B4FF38211703D9008527D6 /* TagsView-Delegate.swift */; };
		F6B4FF3B2117046A008527D6 /* PhotosView+DataSource.swift in Sources */ = {isa = PBXBuildFile; fileRef = F6B4FF3A2117046A008527D6 /* PhotosView+DataSource.swift */; };
		F6B4FF3D21170475008527D6 /* PhotosView+Delegate.swift in Sources */ = {isa = PBXBuildFile; fileRef = F6B4FF3C21170475008527D6 /* PhotosView+Delegate.swift */; };
		F6B5931C1F24EBC200B4D139 /* Photo+CoreDataClass.swift in Sources */ = {isa = PBXBuildFile; fileRef = F6B5931A1F24EBC200B4D139 /* Photo+CoreDataClass.swift */; };
		F6B5931D1F24EBC200B4D139 /* Photo+CoreDataProperties.swift in Sources */ = {isa = PBXBuildFile; fileRef = F6B5931B1F24EBC200B4D139 /* Photo+CoreDataProperties.swift */; };
		F6B5931F1F24ED0B00B4D139 /* CoreDataStack.swift in Sources */ = {isa = PBXBuildFile; fileRef = F6B5931E1F24ED0B00B4D139 /* CoreDataStack.swift */; };
		F6C30FD221013CC80066ABAB /* PhotosCodable.swift in Sources */ = {isa = PBXBuildFile; fileRef = F6C30FD121013CC80066ABAB /* PhotosCodable.swift */; };
		F6D927A0210CD76500703210 /* PhotoInfoView.xib in Resources */ = {isa = PBXBuildFile; fileRef = F6D9279E210CD76500703210 /* PhotoInfoView.xib */; };
		F6D927A8210CD7C400703210 /* Localizable.strings in Resources */ = {isa = PBXBuildFile; fileRef = F6D927A3210CD7C400703210 /* Localizable.strings */; };
		F6ED4AC5211B96EA00FB05EC /* MockTagsInteractor.swift in Sources */ = {isa = PBXBuildFile; fileRef = F6ED4AC4211B96EA00FB05EC /* MockTagsInteractor.swift */; };
		F6ED4AC7211B970400FB05EC /* MockTagsView.swift in Sources */ = {isa = PBXBuildFile; fileRef = F6ED4AC6211B970400FB05EC /* MockTagsView.swift */; };
		F6ED4ACA211B971A00FB05EC /* MockTagsPresenter.swift in Sources */ = {isa = PBXBuildFile; fileRef = F6ED4AC9211B971A00FB05EC /* MockTagsPresenter.swift */; };
		F6ED4ACC211B972900FB05EC /* MockTagsRouter.swift in Sources */ = {isa = PBXBuildFile; fileRef = F6ED4ACB211B972900FB05EC /* MockTagsRouter.swift */; };
		F6ED4ACE211B973700FB05EC /* MockPhotoStore.swift in Sources */ = {isa = PBXBuildFile; fileRef = F6ED4ACD211B973700FB05EC /* MockPhotoStore.swift */; };
		F6ED4ACF211B9B9600FB05EC /* TagsInteractor.swift in Sources */ = {isa = PBXBuildFile; fileRef = F6913F6520F3FCBA000A0630 /* TagsInteractor.swift */; };
		F6ED4AD0211B9B9900FB05EC /* TagsPresenter.swift in Sources */ = {isa = PBXBuildFile; fileRef = F6913F6720F3FCCF000A0630 /* TagsPresenter.swift */; };
		F6ED4AD1211B9B9C00FB05EC /* TagsProtocols.swift in Sources */ = {isa = PBXBuildFile; fileRef = F6913F6920F3FCDD000A0630 /* TagsProtocols.swift */; };
		F6ED4AD2211B9BA100FB05EC /* TagsView.swift in Sources */ = {isa = PBXBuildFile; fileRef = F6913F6B20F3FCEC000A0630 /* TagsView.swift */; };
		F6ED4AD3211B9BA300FB05EC /* TagsView-Delegate.swift in Sources */ = {isa = PBXBuildFile; fileRef = F6B4FF38211703D9008527D6 /* TagsView-Delegate.swift */; };
		F6ED4AD4211B9BAA00FB05EC /* TagsView.xib in Resources */ = {isa = PBXBuildFile; fileRef = F654533420F81A88003CF1F7 /* TagsView.xib */; };
		F6ED4AD5211B9BAE00FB05EC /* Localizable.strings in Resources */ = {isa = PBXBuildFile; fileRef = F6D927A3210CD7C400703210 /* Localizable.strings */; };
		F6ED4AD6211B9BB100FB05EC /* TagsView+DataSource.swift in Sources */ = {isa = PBXBuildFile; fileRef = F6B4FF3621170380008527D6 /* TagsView+DataSource.swift */; };
		F6ED4AD7211B9BB400FB05EC /* TagsRouter.swift in Sources */ = {isa = PBXBuildFile; fileRef = F6913F6D20F3FCFF000A0630 /* TagsRouter.swift */; };
		F6ED4AD8211B9BB700FB05EC /* TagsRouterDI.swift in Sources */ = {isa = PBXBuildFile; fileRef = F6169B8E211A4B4F00618F77 /* TagsRouterDI.swift */; };
		F6ED4AD9211B9BE100FB05EC /* Photo.swift in Sources */ = {isa = PBXBuildFile; fileRef = F654536A20FFDE58003CF1F7 /* Photo.swift */; };
		F6ED4ADA211B9BFB00FB05EC /* Photorama.xcdatamodeld in Sources */ = {isa = PBXBuildFile; fileRef = F6586D8D1F24E21D003ED305 /* Photorama.xcdatamodeld */; };
		F6ED4ADB211B9BFE00FB05EC /* CoreDataStack.swift in Sources */ = {isa = PBXBuildFile; fileRef = F6B5931E1F24ED0B00B4D139 /* CoreDataStack.swift */; };
		F6ED4ADC211B9C0B00FB05EC /* photoTransfer.swift in Sources */ = {isa = PBXBuildFile; fileRef = F654536D20FFDFE8003CF1F7 /* photoTransfer.swift */; };
		F6ED4ADD211B9C0D00FB05EC /* Photo+CoreDataClass.swift in Sources */ = {isa = PBXBuildFile; fileRef = F6B5931A1F24EBC200B4D139 /* Photo+CoreDataClass.swift */; };
		F6ED4ADE211B9C1000FB05EC /* Photo+CoreDataProperties.swift in Sources */ = {isa = PBXBuildFile; fileRef = F6B5931B1F24EBC200B4D139 /* Photo+CoreDataProperties.swift */; };
		F6ED4ADF211B9C1700FB05EC /* TagsCoreData.swift in Sources */ = {isa = PBXBuildFile; fileRef = F654535420FD4337003CF1F7 /* TagsCoreData.swift */; };
		F6ED4AE0211B9C1B00FB05EC /* TagsRepository.swift in Sources */ = {isa = PBXBuildFile; fileRef = F654535020FD42BB003CF1F7 /* TagsRepository.swift */; };
		F6ED4AE1211B9C1F00FB05EC /* ImageCacheData.swift in Sources */ = {isa = PBXBuildFile; fileRef = F654534020FD36DD003CF1F7 /* ImageCacheData.swift */; };
		F6ED4AE2211B9C2200FB05EC /* ImageFileData.swift in Sources */ = {isa = PBXBuildFile; fileRef = F654534220FD37B8003CF1F7 /* ImageFileData.swift */; };
		F6ED4AE3211B9C2500FB05EC /* ImageWebData.swift in Sources */ = {isa = PBXBuildFile; fileRef = F654537820FFF9A9003CF1F7 /* ImageWebData.swift */; };
		F6ED4AE4211B9C2900FB05EC /* ImageRepositoryProtocols.swift in Sources */ = {isa = PBXBuildFile; fileRef = F654534420FD37CC003CF1F7 /* ImageRepositoryProtocols.swift */; };
		F6ED4AE5211B9C2C00FB05EC /* ImageRepository.swift in Sources */ = {isa = PBXBuildFile; fileRef = F63C45D320F0C77000248D36 /* ImageRepository.swift */; };
		F6ED4AE6211B9C3200FB05EC /* PhotosCoreData.swift in Sources */ = {isa = PBXBuildFile; fileRef = F654537420FFF1C8003CF1F7 /* PhotosCoreData.swift */; };
		F6ED4AE7211B9C3500FB05EC /* PhotosWebData.swift in Sources */ = {isa = PBXBuildFile; fileRef = F654537A21000A16003CF1F7 /* PhotosWebData.swift */; };
		F6ED4AE8211B9C3900FB05EC /* PhotosCodable.swift in Sources */ = {isa = PBXBuildFile; fileRef = F6C30FD121013CC80066ABAB /* PhotosCodable.swift */; };
		F6ED4AE9211B9C3D00FB05EC /* PhotosRepositoryProtocol.swift in Sources */ = {isa = PBXBuildFile; fileRef = F654537620FFF203003CF1F7 /* PhotosRepositoryProtocol.swift */; };
		F6ED4AEA211B9C4000FB05EC /* PhotosRepository.swift in Sources */ = {isa = PBXBuildFile; fileRef = F654537220FFF1A2003CF1F7 /* PhotosRepository.swift */; };
		F6ED4AEB211B9C4400FB05EC /* PhotoStore.swift in Sources */ = {isa = PBXBuildFile; fileRef = F64C09871F2161060020A548 /* PhotoStore.swift */; };
		F6ED4AEC211B9C4700FB05EC /* FlickrAPI.swift in Sources */ = {isa = PBXBuildFile; fileRef = F64C09851F215B1B0020A548 /* FlickrAPI.swift */; };
		F6ED4AED211B9C4A00FB05EC /* DateHelper.swift in Sources */ = {isa = PBXBuildFile; fileRef = F654535720FE73CC003CF1F7 /* DateHelper.swift */; };
		F6ED4AEE211B9C4D00FB05EC /* RouterDIProtrocol.swift in Sources */ = {isa = PBXBuildFile; fileRef = F6169B90211A4DD200618F77 /* RouterDIProtrocol.swift */; };
		F6ED4AEF211B9C5800FB05EC /* PhotosInteractor.swift in Sources */ = {isa = PBXBuildFile; fileRef = F6913F7C20F55DDB000A0630 /* PhotosInteractor.swift */; };
		F6ED4AF0211B9C5D00FB05EC /* PhotosPresenter.swift in Sources */ = {isa = PBXBuildFile; fileRef = F6913F7A20F55DCF000A0630 /* PhotosPresenter.swift */; };
		F6ED4AF1211B9C6100FB05EC /* PhotosProtocols.swift in Sources */ = {isa = PBXBuildFile; fileRef = F6913F7820F55DC2000A0630 /* PhotosProtocols.swift */; };
		F6ED4AF2211B9C6600FB05EC /* PhotosTableCellView.xib in Resources */ = {isa = PBXBuildFile; fileRef = F6913F8E20F6A9E1000A0630 /* PhotosTableCellView.xib */; };
		F6ED4AF3211B9C6A00FB05EC /* PhotosTableCellView.swift in Sources */ = {isa = PBXBuildFile; fileRef = F60A65951F23A5D3007F581B /* PhotosTableCellView.swift */; };
		F6ED4AF4211B9C6D00FB05EC /* PhotosView.xib in Resources */ = {isa = PBXBuildFile; fileRef = F654530D20F6D787003CF1F7 /* PhotosView.xib */; };
		F6ED4AF5211B9C7000FB05EC /* PhotosView.swift in Sources */ = {isa = PBXBuildFile; fileRef = F6913F7620F55DB7000A0630 /* PhotosView.swift */; };
		F6ED4AF6211B9C7400FB05EC /* PhotosView+Delegate.swift in Sources */ = {isa = PBXBuildFile; fileRef = F6B4FF3C21170475008527D6 /* PhotosView+Delegate.swift */; };
		F6ED4AF7211B9C7700FB05EC /* PhotosView+DataSource.swift in Sources */ = {isa = PBXBuildFile; fileRef = F6B4FF3A2117046A008527D6 /* PhotosView+DataSource.swift */; };
		F6ED4AF8211B9C7C00FB05EC /* PhotosRouter.swift in Sources */ = {isa = PBXBuildFile; fileRef = F6913F7420F55DAA000A0630 /* PhotosRouter.swift */; };
		F6ED4AF9211B9C7F00FB05EC /* PhotosRouterDI.swift in Sources */ = {isa = PBXBuildFile; fileRef = F6169B8A211A3E9700618F77 /* PhotosRouterDI.swift */; };
		F6ED4AFA211B9C8500FB05EC /* PhotoInfoInteractor.swift in Sources */ = {isa = PBXBuildFile; fileRef = F6913F5E20F3D5CA000A0630 /* PhotoInfoInteractor.swift */; };
		F6ED4AFB211B9C8A00FB05EC /* PhotoInfoPresenter.swift in Sources */ = {isa = PBXBuildFile; fileRef = F6913F5420F221A8000A0630 /* PhotoInfoPresenter.swift */; };
		F6ED4AFC211B9C8E00FB05EC /* PhotoInfoProtocols.swift in Sources */ = {isa = PBXBuildFile; fileRef = F6913F5720F221E2000A0630 /* PhotoInfoProtocols.swift */; };
		F6ED4AFD211B9C9400FB05EC /* PhotoInfoView.strings in Resources */ = {isa = PBXBuildFile; fileRef = F6169B2F2117AD4F00618F77 /* PhotoInfoView.strings */; };
		F6ED4AFE211B9C9900FB05EC /* PhotoInfoView.xib in Resources */ = {isa = PBXBuildFile; fileRef = F6D9279E210CD76500703210 /* PhotoInfoView.xib */; };
		F6ED4AFF211B9CA000FB05EC /* PhotoInfoView.swift in Sources */ = {isa = PBXBuildFile; fileRef = F60A65971F2407F4007F581B /* PhotoInfoView.swift */; };
		F6ED4B00211B9CB200FB05EC /* PhotoInfoRouter.swift in Sources */ = {isa = PBXBuildFile; fileRef = F6913F5B20F2A667000A0630 /* PhotoInfoRouter.swift */; };
		F6ED4B01211B9CB600FB05EC /* PhotoInfoRouterDI.swift in Sources */ = {isa = PBXBuildFile; fileRef = F6169B8C211A4A2E00618F77 /* PhotoInfoRouterDI.swift */; };
		F6ED4B02211B9EBD00FB05EC /* TagsRepositoryProtocols.swift in Sources */ = {isa = PBXBuildFile; fileRef = F654535220FD42E9003CF1F7 /* TagsRepositoryProtocols.swift */; };
/* End PBXBuildFile section */

/* Begin PBXContainerItemProxy section */
		F6169B3E2118F6EA00618F77 /* PBXContainerItemProxy */ = {
			isa = PBXContainerItemProxy;
			containerPortal = F64C09661F2155320020A548 /* Project object */;
			proxyType = 1;
			remoteGlobalIDString = F64C096D1F2155320020A548;
			remoteInfo = Photorama;
		};
		F6180E6B2120E065008BA6E1 /* PBXContainerItemProxy */ = {
			isa = PBXContainerItemProxy;
			containerPortal = F64C09661F2155320020A548 /* Project object */;
			proxyType = 1;
			remoteGlobalIDString = F64C096D1F2155320020A548;
			remoteInfo = Photorama;
		};
/* End PBXContainerItemProxy section */

/* Begin PBXFileReference section */
		2C95C7E2F5B70D57C83C2893 /* Pods_PhotoramaTests.framework */ = {isa = PBXFileReference; explicitFileType = wrapper.framework; includeInIndex = 0; path = Pods_PhotoramaTests.framework; sourceTree = BUILT_PRODUCTS_DIR; };
		3F9ABD079B2B5295630D1805 /* Pods-Photorama.debug.xcconfig */ = {isa = PBXFileReference; includeInIndex = 1; lastKnownFileType = text.xcconfig; name = "Pods-Photorama.debug.xcconfig"; path = "Pods/Target Support Files/Pods-Photorama/Pods-Photorama.debug.xcconfig"; sourceTree = "<group>"; };
		85867D90C5CE6327C85FC257 /* Pods-PhotoramaTests.release.xcconfig */ = {isa = PBXFileReference; includeInIndex = 1; lastKnownFileType = text.xcconfig; name = "Pods-PhotoramaTests.release.xcconfig"; path = "Pods/Target Support Files/Pods-PhotoramaTests/Pods-PhotoramaTests.release.xcconfig"; sourceTree = "<group>"; };
		8BAEE9D2CA0F5F7DDD2DDB91 /* Pods-Photorama.release.xcconfig */ = {isa = PBXFileReference; includeInIndex = 1; lastKnownFileType = text.xcconfig; name = "Pods-Photorama.release.xcconfig"; path = "Pods/Target Support Files/Pods-Photorama/Pods-Photorama.release.xcconfig"; sourceTree = "<group>"; };
		9AD67B62E003AD474A5D58D0 /* Pods_Photorama.framework */ = {isa = PBXFileReference; explicitFileType = wrapper.framework; includeInIndex = 0; path = Pods_Photorama.framework; sourceTree = BUILT_PRODUCTS_DIR; };
		DFCD6F9404CCD2557C10743C /* Pods-PhotoramaTests.debug.xcconfig */ = {isa = PBXFileReference; includeInIndex = 1; lastKnownFileType = text.xcconfig; name = "Pods-PhotoramaTests.debug.xcconfig"; path = "Pods/Target Support Files/Pods-PhotoramaTests/Pods-PhotoramaTests.debug.xcconfig"; sourceTree = "<group>"; };
		F60A65951F23A5D3007F581B /* PhotosTableCellView.swift */ = {isa = PBXFileReference; lastKnownFileType = sourcecode.swift; path = PhotosTableCellView.swift; sourceTree = "<group>"; };
		F60A65971F2407F4007F581B /* PhotoInfoView.swift */ = {isa = PBXFileReference; lastKnownFileType = sourcecode.swift; path = PhotoInfoView.swift; sourceTree = "<group>"; };
		F6169B302117AD4F00618F77 /* es */ = {isa = PBXFileReference; lastKnownFileType = text.plist.strings; name = es; path = es.lproj/PhotoInfoView.strings; sourceTree = "<group>"; };
		F6169B312117AD4F00618F77 /* en */ = {isa = PBXFileReference; lastKnownFileType = text.plist.strings; name = en; path = en.lproj/PhotoInfoView.strings; sourceTree = "<group>"; };
		F6169B392118F6EA00618F77 /* PhotoramaTests.xctest */ = {isa = PBXFileReference; explicitFileType = wrapper.cfbundle; includeInIndex = 0; path = PhotoramaTests.xctest; sourceTree = BUILT_PRODUCTS_DIR; };
		F6169B3B2118F6EA00618F77 /* PhotoramaTests.swift */ = {isa = PBXFileReference; lastKnownFileType = sourcecode.swift; path = PhotoramaTests.swift; sourceTree = "<group>"; };
		F6169B3D2118F6EA00618F77 /* Info.plist */ = {isa = PBXFileReference; lastKnownFileType = text.plist.xml; path = Info.plist; sourceTree = "<group>"; };
		F6169B482118F7B500618F77 /* TagsInteractorTests.swift */ = {isa = PBXFileReference; lastKnownFileType = sourcecode.swift; path = TagsInteractorTests.swift; sourceTree = "<group>"; };
		F6169B4A2118F7F800618F77 /* TagsPresenterTests.swift */ = {isa = PBXFileReference; lastKnownFileType = sourcecode.swift; path = TagsPresenterTests.swift; sourceTree = "<group>"; };
		F6169B592118F96000618F77 /* PhotoTests.swift */ = {isa = PBXFileReference; lastKnownFileType = sourcecode.swift; path = PhotoTests.swift; sourceTree = "<group>"; };
		F6169B5B2118F98800618F77 /* PhotoTransferTests.swift */ = {isa = PBXFileReference; lastKnownFileType = sourcecode.swift; path = PhotoTransferTests.swift; sourceTree = "<group>"; };
		F6169B612118F9F900618F77 /* TagsCoreDataTests.swift */ = {isa = PBXFileReference; lastKnownFileType = sourcecode.swift; path = TagsCoreDataTests.swift; sourceTree = "<group>"; };
		F6169B632118FA2900618F77 /* TagsRepositoryTests.swift */ = {isa = PBXFileReference; lastKnownFileType = sourcecode.swift; path = TagsRepositoryTests.swift; sourceTree = "<group>"; };
		F6169B6F2118FB3600618F77 /* PhotosInteractorTests.swift */ = {isa = PBXFileReference; lastKnownFileType = sourcecode.swift; path = PhotosInteractorTests.swift; sourceTree = "<group>"; };
		F6169B712118FB8200618F77 /* PhotosPresenterTests.swift */ = {isa = PBXFileReference; lastKnownFileType = sourcecode.swift; path = PhotosPresenterTests.swift; sourceTree = "<group>"; };
		F6169B7F2118FD3D00618F77 /* PhotoInfoPresenterTests.swift */ = {isa = PBXFileReference; lastKnownFileType = sourcecode.swift; path = PhotoInfoPresenterTests.swift; sourceTree = "<group>"; };
		F6169B812118FD4E00618F77 /* PhotoInfoInteractorTests.swift */ = {isa = PBXFileReference; lastKnownFileType = sourcecode.swift; path = PhotoInfoInteractorTests.swift; sourceTree = "<group>"; };
		F6169B8A211A3E9700618F77 /* PhotosRouterDI.swift */ = {isa = PBXFileReference; lastKnownFileType = sourcecode.swift; path = PhotosRouterDI.swift; sourceTree = "<group>"; };
		F6169B8C211A4A2E00618F77 /* PhotoInfoRouterDI.swift */ = {isa = PBXFileReference; lastKnownFileType = sourcecode.swift; path = PhotoInfoRouterDI.swift; sourceTree = "<group>"; };
		F6169B8E211A4B4F00618F77 /* TagsRouterDI.swift */ = {isa = PBXFileReference; lastKnownFileType = sourcecode.swift; path = TagsRouterDI.swift; sourceTree = "<group>"; };
		F6169B90211A4DD200618F77 /* RouterDIProtrocol.swift */ = {isa = PBXFileReference; lastKnownFileType = sourcecode.swift; path = RouterDIProtrocol.swift; sourceTree = "<group>"; };
		F6180E31211CEC01008BA6E1 /* TestHelpers.swift */ = {isa = PBXFileReference; lastKnownFileType = sourcecode.swift; path = TestHelpers.swift; sourceTree = "<group>"; };
		F6180E342120387D008BA6E1 /* MockcoreDataStack.swift */ = {isa = PBXFileReference; lastKnownFileType = sourcecode.swift; path = MockcoreDataStack.swift; sourceTree = "<group>"; };
		F6180E662120E064008BA6E1 /* PhotoramaUITests.xctest */ = {isa = PBXFileReference; explicitFileType = wrapper.cfbundle; includeInIndex = 0; path = PhotoramaUITests.xctest; sourceTree = BUILT_PRODUCTS_DIR; };
		F6180E6A2120E065008BA6E1 /* Info.plist */ = {isa = PBXFileReference; lastKnownFileType = text.plist.xml; path = Info.plist; sourceTree = "<group>"; };
		F6180E742120E12C008BA6E1 /* PhotosTableUITests.swift */ = {isa = PBXFileReference; lastKnownFileType = sourcecode.swift; path = PhotosTableUITests.swift; sourceTree = "<group>"; };
		F6180E762120E199008BA6E1 /* PhotoInfoUITests.swift */ = {isa = PBXFileReference; lastKnownFileType = sourcecode.swift; path = PhotoInfoUITests.swift; sourceTree = "<group>"; };
		F6180E782120E1B4008BA6E1 /* TagsUITests.swift */ = {isa = PBXFileReference; lastKnownFileType = sourcecode.swift; path = TagsUITests.swift; sourceTree = "<group>"; };
		F63C45D320F0C77000248D36 /* ImageRepository.swift */ = {isa = PBXFileReference; fileEncoding = 4; lastKnownFileType = sourcecode.swift; path = ImageRepository.swift; sourceTree = "<group>"; };
		F64C096E1F2155320020A548 /* Photorama.app */ = {isa = PBXFileReference; explicitFileType = wrapper.application; includeInIndex = 0; path = Photorama.app; sourceTree = BUILT_PRODUCTS_DIR; };
		F64C09711F2155320020A548 /* AppDelegate.swift */ = {isa = PBXFileReference; lastKnownFileType = sourcecode.swift; path = AppDelegate.swift; sourceTree = "<group>"; };
		F64C09761F2155320020A548 /* Base */ = {isa = PBXFileReference; lastKnownFileType = file.storyboard; name = Base; path = Base.lproj/Main.storyboard; sourceTree = "<group>"; };
		F64C09781F2155320020A548 /* Assets.xcassets */ = {isa = PBXFileReference; lastKnownFileType = folder.assetcatalog; path = Assets.xcassets; sourceTree = "<group>"; };
		F64C097B1F2155320020A548 /* Base */ = {isa = PBXFileReference; lastKnownFileType = file.storyboard; name = Base; path = Base.lproj/LaunchScreen.storyboard; sourceTree = "<group>"; };
		F64C097D1F2155320020A548 /* Info.plist */ = {isa = PBXFileReference; lastKnownFileType = text.plist.xml; path = Info.plist; sourceTree = "<group>"; };
		F64C09851F215B1B0020A548 /* FlickrAPI.swift */ = {isa = PBXFileReference; lastKnownFileType = sourcecode.swift; path = FlickrAPI.swift; sourceTree = "<group>"; };
		F64C09871F2161060020A548 /* PhotoStore.swift */ = {isa = PBXFileReference; lastKnownFileType = sourcecode.swift; path = PhotoStore.swift; sourceTree = "<group>"; };
		F654530D20F6D787003CF1F7 /* PhotosView.xib */ = {isa = PBXFileReference; lastKnownFileType = file.xib; path = PhotosView.xib; sourceTree = "<group>"; };
		F654533420F81A88003CF1F7 /* TagsView.xib */ = {isa = PBXFileReference; fileEncoding = 4; lastKnownFileType = file.xib; name = TagsView.xib; path = Photorama/Tags/View/TagsView.xib; sourceTree = SOURCE_ROOT; };
		F654534020FD36DD003CF1F7 /* ImageCacheData.swift */ = {isa = PBXFileReference; lastKnownFileType = sourcecode.swift; path = ImageCacheData.swift; sourceTree = "<group>"; };
		F654534220FD37B8003CF1F7 /* ImageFileData.swift */ = {isa = PBXFileReference; lastKnownFileType = sourcecode.swift; path = ImageFileData.swift; sourceTree = "<group>"; };
		F654534420FD37CC003CF1F7 /* ImageRepositoryProtocols.swift */ = {isa = PBXFileReference; lastKnownFileType = sourcecode.swift; path = ImageRepositoryProtocols.swift; sourceTree = "<group>"; };
		F654535020FD42BB003CF1F7 /* TagsRepository.swift */ = {isa = PBXFileReference; lastKnownFileType = sourcecode.swift; path = TagsRepository.swift; sourceTree = "<group>"; };
		F654535220FD42E9003CF1F7 /* TagsRepositoryProtocols.swift */ = {isa = PBXFileReference; lastKnownFileType = sourcecode.swift; path = TagsRepositoryProtocols.swift; sourceTree = "<group>"; };
		F654535420FD4337003CF1F7 /* TagsCoreData.swift */ = {isa = PBXFileReference; lastKnownFileType = sourcecode.swift; path = TagsCoreData.swift; sourceTree = "<group>"; };
		F654535720FE73CC003CF1F7 /* DateHelper.swift */ = {isa = PBXFileReference; lastKnownFileType = sourcecode.swift; path = DateHelper.swift; sourceTree = "<group>"; };
		F654536A20FFDE58003CF1F7 /* Photo.swift */ = {isa = PBXFileReference; lastKnownFileType = sourcecode.swift; path = Photo.swift; sourceTree = "<group>"; };
		F654536D20FFDFE8003CF1F7 /* photoTransfer.swift */ = {isa = PBXFileReference; lastKnownFileType = sourcecode.swift; path = photoTransfer.swift; sourceTree = "<group>"; };
		F654537220FFF1A2003CF1F7 /* PhotosRepository.swift */ = {isa = PBXFileReference; lastKnownFileType = sourcecode.swift; path = PhotosRepository.swift; sourceTree = "<group>"; };
		F654537420FFF1C8003CF1F7 /* PhotosCoreData.swift */ = {isa = PBXFileReference; lastKnownFileType = sourcecode.swift; path = PhotosCoreData.swift; sourceTree = "<group>"; };
		F654537620FFF203003CF1F7 /* PhotosRepositoryProtocol.swift */ = {isa = PBXFileReference; lastKnownFileType = sourcecode.swift; path = PhotosRepositoryProtocol.swift; sourceTree = "<group>"; };
		F654537820FFF9A9003CF1F7 /* ImageWebData.swift */ = {isa = PBXFileReference; lastKnownFileType = sourcecode.swift; path = ImageWebData.swift; sourceTree = "<group>"; };
		F654537A21000A16003CF1F7 /* PhotosWebData.swift */ = {isa = PBXFileReference; lastKnownFileType = sourcecode.swift; path = PhotosWebData.swift; sourceTree = "<group>"; };
		F6586D8E1F24E21D003ED305 /* Photorama.xcdatamodel */ = {isa = PBXFileReference; lastKnownFileType = wrapper.xcdatamodel; path = Photorama.xcdatamodel; sourceTree = "<group>"; };
		F6913F5420F221A8000A0630 /* PhotoInfoPresenter.swift */ = {isa = PBXFileReference; lastKnownFileType = sourcecode.swift; path = PhotoInfoPresenter.swift; sourceTree = "<group>"; };
		F6913F5720F221E2000A0630 /* PhotoInfoProtocols.swift */ = {isa = PBXFileReference; lastKnownFileType = sourcecode.swift; path = PhotoInfoProtocols.swift; sourceTree = "<group>"; };
		F6913F5B20F2A667000A0630 /* PhotoInfoRouter.swift */ = {isa = PBXFileReference; lastKnownFileType = sourcecode.swift; path = PhotoInfoRouter.swift; sourceTree = "<group>"; };
		F6913F5E20F3D5CA000A0630 /* PhotoInfoInteractor.swift */ = {isa = PBXFileReference; lastKnownFileType = sourcecode.swift; path = PhotoInfoInteractor.swift; sourceTree = "<group>"; };
		F6913F6520F3FCBA000A0630 /* TagsInteractor.swift */ = {isa = PBXFileReference; lastKnownFileType = sourcecode.swift; path = TagsInteractor.swift; sourceTree = "<group>"; };
		F6913F6720F3FCCF000A0630 /* TagsPresenter.swift */ = {isa = PBXFileReference; lastKnownFileType = sourcecode.swift; path = TagsPresenter.swift; sourceTree = "<group>"; };
		F6913F6920F3FCDD000A0630 /* TagsProtocols.swift */ = {isa = PBXFileReference; lastKnownFileType = sourcecode.swift; path = TagsProtocols.swift; sourceTree = "<group>"; };
		F6913F6B20F3FCEC000A0630 /* TagsView.swift */ = {isa = PBXFileReference; lastKnownFileType = sourcecode.swift; path = TagsView.swift; sourceTree = "<group>"; };
		F6913F6D20F3FCFF000A0630 /* TagsRouter.swift */ = {isa = PBXFileReference; lastKnownFileType = sourcecode.swift; path = TagsRouter.swift; sourceTree = "<group>"; };
		F6913F7420F55DAA000A0630 /* PhotosRouter.swift */ = {isa = PBXFileReference; lastKnownFileType = sourcecode.swift; path = PhotosRouter.swift; sourceTree = "<group>"; };
		F6913F7620F55DB7000A0630 /* PhotosView.swift */ = {isa = PBXFileReference; lastKnownFileType = sourcecode.swift; path = PhotosView.swift; sourceTree = "<group>"; };
		F6913F7820F55DC2000A0630 /* PhotosProtocols.swift */ = {isa = PBXFileReference; lastKnownFileType = sourcecode.swift; path = PhotosProtocols.swift; sourceTree = "<group>"; };
		F6913F7A20F55DCF000A0630 /* PhotosPresenter.swift */ = {isa = PBXFileReference; lastKnownFileType = sourcecode.swift; path = PhotosPresenter.swift; sourceTree = "<group>"; };
		F6913F7C20F55DDB000A0630 /* PhotosInteractor.swift */ = {isa = PBXFileReference; lastKnownFileType = sourcecode.swift; path = PhotosInteractor.swift; sourceTree = "<group>"; };
		F6913F8E20F6A9E1000A0630 /* PhotosTableCellView.xib */ = {isa = PBXFileReference; lastKnownFileType = file.xib; path = PhotosTableCellView.xib; sourceTree = "<group>"; };
		F6B4FF3621170380008527D6 /* TagsView+DataSource.swift */ = {isa = PBXFileReference; lastKnownFileType = sourcecode.swift; path = "TagsView+DataSource.swift"; sourceTree = "<group>"; };
		F6B4FF38211703D9008527D6 /* TagsView-Delegate.swift */ = {isa = PBXFileReference; lastKnownFileType = sourcecode.swift; path = "TagsView-Delegate.swift"; sourceTree = "<group>"; };
		F6B4FF3A2117046A008527D6 /* PhotosView+DataSource.swift */ = {isa = PBXFileReference; lastKnownFileType = sourcecode.swift; path = "PhotosView+DataSource.swift"; sourceTree = "<group>"; };
		F6B4FF3C21170475008527D6 /* PhotosView+Delegate.swift */ = {isa = PBXFileReference; lastKnownFileType = sourcecode.swift; path = "PhotosView+Delegate.swift"; sourceTree = "<group>"; };
		F6B5931A1F24EBC200B4D139 /* Photo+CoreDataClass.swift */ = {isa = PBXFileReference; lastKnownFileType = sourcecode.swift; path = "Photo+CoreDataClass.swift"; sourceTree = "<group>"; };
		F6B5931B1F24EBC200B4D139 /* Photo+CoreDataProperties.swift */ = {isa = PBXFileReference; lastKnownFileType = sourcecode.swift; path = "Photo+CoreDataProperties.swift"; sourceTree = "<group>"; };
		F6B5931E1F24ED0B00B4D139 /* CoreDataStack.swift */ = {isa = PBXFileReference; lastKnownFileType = sourcecode.swift; path = CoreDataStack.swift; sourceTree = "<group>"; };
		F6C30FD121013CC80066ABAB /* PhotosCodable.swift */ = {isa = PBXFileReference; lastKnownFileType = sourcecode.swift; path = PhotosCodable.swift; sourceTree = "<group>"; };
		F6D9279F210CD76500703210 /* Base */ = {isa = PBXFileReference; lastKnownFileType = file.xib; name = Base; path = Base.lproj/PhotoInfoView.xib; sourceTree = "<group>"; };
		F6D927A4210CD7C400703210 /* es */ = {isa = PBXFileReference; lastKnownFileType = text.plist.strings; name = es; path = es.lproj/Localizable.strings; sourceTree = "<group>"; };
		F6D927A5210CD7C400703210 /* en */ = {isa = PBXFileReference; lastKnownFileType = text.plist.strings; name = en; path = en.lproj/Localizable.strings; sourceTree = "<group>"; };
		F6ED4AC4211B96EA00FB05EC /* MockTagsInteractor.swift */ = {isa = PBXFileReference; lastKnownFileType = sourcecode.swift; path = MockTagsInteractor.swift; sourceTree = "<group>"; };
		F6ED4AC6211B970400FB05EC /* MockTagsView.swift */ = {isa = PBXFileReference; lastKnownFileType = sourcecode.swift; path = MockTagsView.swift; sourceTree = "<group>"; };
		F6ED4AC9211B971A00FB05EC /* MockTagsPresenter.swift */ = {isa = PBXFileReference; lastKnownFileType = sourcecode.swift; path = MockTagsPresenter.swift; sourceTree = "<group>"; };
		F6ED4ACB211B972900FB05EC /* MockTagsRouter.swift */ = {isa = PBXFileReference; lastKnownFileType = sourcecode.swift; path = MockTagsRouter.swift; sourceTree = "<group>"; };
		F6ED4ACD211B973700FB05EC /* MockPhotoStore.swift */ = {isa = PBXFileReference; lastKnownFileType = sourcecode.swift; path = MockPhotoStore.swift; sourceTree = "<group>"; };
/* End PBXFileReference section */

/* Begin PBXFrameworksBuildPhase section */
		F6169B362118F6EA00618F77 /* Frameworks */ = {
			isa = PBXFrameworksBuildPhase;
			buildActionMask = 2147483647;
			files = (
				796FEF37DB68579A655E81E1 /* Pods_PhotoramaTests.framework in Frameworks */,
			);
			runOnlyForDeploymentPostprocessing = 0;
		};
		F6180E632120E064008BA6E1 /* Frameworks */ = {
			isa = PBXFrameworksBuildPhase;
			buildActionMask = 2147483647;
			files = (
			);
			runOnlyForDeploymentPostprocessing = 0;
		};
		F64C096B1F2155320020A548 /* Frameworks */ = {
			isa = PBXFrameworksBuildPhase;
			buildActionMask = 2147483647;
			files = (
				33F905FFADE42A0FAA00EC84 /* Pods_Photorama.framework in Frameworks */,
			);
			runOnlyForDeploymentPostprocessing = 0;
		};
/* End PBXFrameworksBuildPhase section */

/* Begin PBXGroup section */
		B560349D08ABA5064E273AF0 /* Frameworks */ = {
			isa = PBXGroup;
			children = (
				9AD67B62E003AD474A5D58D0 /* Pods_Photorama.framework */,
				2C95C7E2F5B70D57C83C2893 /* Pods_PhotoramaTests.framework */,
			);
			name = Frameworks;
			sourceTree = "<group>";
		};
		DCE136F3C804E4ADC7CFEC71 /* Pods */ = {
			isa = PBXGroup;
			children = (
				3F9ABD079B2B5295630D1805 /* Pods-Photorama.debug.xcconfig */,
				8BAEE9D2CA0F5F7DDD2DDB91 /* Pods-Photorama.release.xcconfig */,
				DFCD6F9404CCD2557C10743C /* Pods-PhotoramaTests.debug.xcconfig */,
				85867D90C5CE6327C85FC257 /* Pods-PhotoramaTests.release.xcconfig */,
			);
			name = Pods;
			sourceTree = "<group>";
		};
		F6169B3A2118F6EA00618F77 /* PhotoramaTests */ = {
			isa = PBXGroup;
			children = (
				F6169B542118F91000618F77 /* Entities */,
				F6169B532118F8FB00618F77 /* DataManager */,
				F6169B512118F8C500618F77 /* PhotosTable */,
				F6169B502118F8B900618F77 /* PhotoInfo */,
				F6169B432118F6F800618F77 /* Tags */,
				F6169B3B2118F6EA00618F77 /* PhotoramaTests.swift */,
				F6180E31211CEC01008BA6E1 /* TestHelpers.swift */,
				F6169B3D2118F6EA00618F77 /* Info.plist */,
			);
			path = PhotoramaTests;
			sourceTree = "<group>";
		};
		F6169B432118F6F800618F77 /* Tags */ = {
			isa = PBXGroup;
			children = (
				F6ED4AC8211B970800FB05EC /* Mocks */,
				F6169B442118F73A00618F77 /* Interactor */,
				F6169B452118F74100618F77 /* Presenter */,
			);
			path = Tags;
			sourceTree = "<group>";
		};
		F6169B442118F73A00618F77 /* Interactor */ = {
			isa = PBXGroup;
			children = (
				F6169B482118F7B500618F77 /* TagsInteractorTests.swift */,
			);
			path = Interactor;
			sourceTree = "<group>";
		};
		F6169B452118F74100618F77 /* Presenter */ = {
			isa = PBXGroup;
			children = (
				F6169B4A2118F7F800618F77 /* TagsPresenterTests.swift */,
			);
			path = Presenter;
			sourceTree = "<group>";
		};
		F6169B502118F8B900618F77 /* PhotoInfo */ = {
			isa = PBXGroup;
			children = (
				F6169B6A2118FAFC00618F77 /* Interactor */,
				F6169B692118FAF400618F77 /* Presenter */,
			);
			path = PhotoInfo;
			sourceTree = "<group>";
		};
		F6169B512118F8C500618F77 /* PhotosTable */ = {
			isa = PBXGroup;
			children = (
				F6169B6E2118FB1600618F77 /* Interactor */,
				F6169B6D2118FB0F00618F77 /* Presenter */,
			);
			path = PhotosTable;
			sourceTree = "<group>";
		};
		F6169B532118F8FB00618F77 /* DataManager */ = {
			isa = PBXGroup;
			children = (
				F6180E332120386C008BA6E1 /* Mocks */,
				F6169B5F2118F9CC00618F77 /* TagsRepository */,
				F6169B5E2118F9BF00618F77 /* ImageRepository */,
				F6169B5D2118F9B400618F77 /* PhotosRepository */,
			);
			path = DataManager;
			sourceTree = "<group>";
		};
		F6169B542118F91000618F77 /* Entities */ = {
			isa = PBXGroup;
			children = (
				F6169B582118F94A00618F77 /* transfers */,
			);
			path = Entities;
			sourceTree = "<group>";
		};
		F6169B582118F94A00618F77 /* transfers */ = {
			isa = PBXGroup;
			children = (
				F6169B592118F96000618F77 /* PhotoTests.swift */,
				F6169B5B2118F98800618F77 /* PhotoTransferTests.swift */,
			);
			path = transfers;
			sourceTree = "<group>";
		};
		F6169B5D2118F9B400618F77 /* PhotosRepository */ = {
			isa = PBXGroup;
			children = (
			);
			path = PhotosRepository;
			sourceTree = "<group>";
		};
		F6169B5E2118F9BF00618F77 /* ImageRepository */ = {
			isa = PBXGroup;
			children = (
			);
			path = ImageRepository;
			sourceTree = "<group>";
		};
		F6169B5F2118F9CC00618F77 /* TagsRepository */ = {
			isa = PBXGroup;
			children = (
				F6169B602118F9E400618F77 /* Datas */,
				F6169B632118FA2900618F77 /* TagsRepositoryTests.swift */,
			);
			path = TagsRepository;
			sourceTree = "<group>";
		};
		F6169B602118F9E400618F77 /* Datas */ = {
			isa = PBXGroup;
			children = (
				F6169B612118F9F900618F77 /* TagsCoreDataTests.swift */,
			);
			path = Datas;
			sourceTree = "<group>";
		};
		F6169B692118FAF400618F77 /* Presenter */ = {
			isa = PBXGroup;
			children = (
				F6169B7F2118FD3D00618F77 /* PhotoInfoPresenterTests.swift */,
			);
			path = Presenter;
			sourceTree = "<group>";
		};
		F6169B6A2118FAFC00618F77 /* Interactor */ = {
			isa = PBXGroup;
			children = (
				F6169B812118FD4E00618F77 /* PhotoInfoInteractorTests.swift */,
			);
			path = Interactor;
			sourceTree = "<group>";
		};
		F6169B6D2118FB0F00618F77 /* Presenter */ = {
			isa = PBXGroup;
			children = (
				F6169B712118FB8200618F77 /* PhotosPresenterTests.swift */,
			);
			path = Presenter;
			sourceTree = "<group>";
		};
		F6169B6E2118FB1600618F77 /* Interactor */ = {
			isa = PBXGroup;
			children = (
				F6169B6F2118FB3600618F77 /* PhotosInteractorTests.swift */,
			);
			path = Interactor;
			sourceTree = "<group>";
		};
		F6180E332120386C008BA6E1 /* Mocks */ = {
			isa = PBXGroup;
			children = (
				F6180E342120387D008BA6E1 /* MockcoreDataStack.swift */,
			);
			path = Mocks;
			sourceTree = "<group>";
		};
		F6180E672120E064008BA6E1 /* PhotoramaUITests */ = {
			isa = PBXGroup;
			children = (
				F6180E702120E0B5008BA6E1 /* PhotosTable */,
				F6180E722120E0CD008BA6E1 /* PhotoInfo */,
				F6180E732120E0DE008BA6E1 /* Tags */,
				F6180E6A2120E065008BA6E1 /* Info.plist */,
			);
			path = PhotoramaUITests;
			sourceTree = "<group>";
		};
		F6180E702120E0B5008BA6E1 /* PhotosTable */ = {
			isa = PBXGroup;
			children = (
				F6180E742120E12C008BA6E1 /* PhotosTableUITests.swift */,
			);
			path = PhotosTable;
			sourceTree = "<group>";
		};
		F6180E722120E0CD008BA6E1 /* PhotoInfo */ = {
			isa = PBXGroup;
			children = (
				F6180E762120E199008BA6E1 /* PhotoInfoUITests.swift */,
			);
			path = PhotoInfo;
			sourceTree = "<group>";
		};
		F6180E732120E0DE008BA6E1 /* Tags */ = {
			isa = PBXGroup;
			children = (
				F6180E782120E1B4008BA6E1 /* TagsUITests.swift */,
			);
			path = Tags;
			sourceTree = "<group>";
		};
		F63C45D520F0CF6300248D36 /* PhotosTable */ = {
			isa = PBXGroup;
			children = (
				F6913F6F20F55ACA000A0630 /* Interactor */,
				F6913F7020F55AD4000A0630 /* Presenter */,
				F6913F7120F55ADB000A0630 /* Protocol */,
				F6913F7220F55AE1000A0630 /* View */,
				F6913F7320F55AE7000A0630 /* Router */,
			);
			name = PhotosTable;
			path = PhotosCollection;
			sourceTree = "<group>";
		};
		F63C45D620F0CF8400248D36 /* PhotoInfo */ = {
			isa = PBXGroup;
			children = (
				F6913F5D20F3D416000A0630 /* Interactor */,
				F6913F5320F220F8000A0630 /* Presenter */,
				F6913F5620F221CA000A0630 /* Protocols */,
				F6913F5A20F227F9000A0630 /* View */,
				F6913F5920F227EE000A0630 /* router */,
			);
			path = PhotoInfo;
			sourceTree = "<group>";
		};
		F64C09651F2155320020A548 = {
			isa = PBXGroup;
			children = (
				F64C09701F2155320020A548 /* Photorama */,
				F6169B3A2118F6EA00618F77 /* PhotoramaTests */,
				F6180E672120E064008BA6E1 /* PhotoramaUITests */,
				F64C096F1F2155320020A548 /* Products */,
				DCE136F3C804E4ADC7CFEC71 /* Pods */,
				B560349D08ABA5064E273AF0 /* Frameworks */,
			);
			sourceTree = "<group>";
		};
		F64C096F1F2155320020A548 /* Products */ = {
			isa = PBXGroup;
			children = (
				F64C096E1F2155320020A548 /* Photorama.app */,
				F6169B392118F6EA00618F77 /* PhotoramaTests.xctest */,
				F6180E662120E064008BA6E1 /* PhotoramaUITests.xctest */,
			);
			name = Products;
			sourceTree = "<group>";
		};
		F64C09701F2155320020A548 /* Photorama */ = {
			isa = PBXGroup;
			children = (
				F6C30FD72105C4640066ABAB /* CoreData */,
				F6913F3720F209C3000A0630 /* Entities */,
				F6913F3A20F20A34000A0630 /* DataManager */,
				F654535620FE739F003CF1F7 /* Helpers */,
				F63C45D520F0CF6300248D36 /* PhotosTable */,
				F63C45D620F0CF8400248D36 /* PhotoInfo */,
				F6913F3820F209FE000A0630 /* Tags */,
				F64C09711F2155320020A548 /* AppDelegate.swift */,
				F64C09751F2155320020A548 /* Main.storyboard */,
				F64C09781F2155320020A548 /* Assets.xcassets */,
				F64C097A1F2155320020A548 /* LaunchScreen.storyboard */,
				F64C097D1F2155320020A548 /* Info.plist */,
			);
			path = Photorama;
			sourceTree = "<group>";
		};
		F654534620FD399E003CF1F7 /* ImageRepository */ = {
			isa = PBXGroup;
			children = (
				F654534C20FD3AF0003CF1F7 /* Datas */,
				F654534720FD39B6003CF1F7 /* Protocols */,
				F63C45D320F0C77000248D36 /* ImageRepository.swift */,
			);
			path = ImageRepository;
			sourceTree = "<group>";
		};
		F654534720FD39B6003CF1F7 /* Protocols */ = {
			isa = PBXGroup;
			children = (
				F654534420FD37CC003CF1F7 /* ImageRepositoryProtocols.swift */,
			);
			path = Protocols;
			sourceTree = "<group>";
		};
		F654534C20FD3AF0003CF1F7 /* Datas */ = {
			isa = PBXGroup;
			children = (
				F654534020FD36DD003CF1F7 /* ImageCacheData.swift */,
				F654534220FD37B8003CF1F7 /* ImageFileData.swift */,
				F654537820FFF9A9003CF1F7 /* ImageWebData.swift */,
			);
			path = Datas;
			sourceTree = "<group>";
		};
		F654534D20FD4294003CF1F7 /* TagsRepository */ = {
			isa = PBXGroup;
			children = (
				F654534E20FD42A5003CF1F7 /* Datas */,
				F654534F20FD42AB003CF1F7 /* Protocols */,
				F654535020FD42BB003CF1F7 /* TagsRepository.swift */,
			);
			path = TagsRepository;
			sourceTree = "<group>";
		};
		F654534E20FD42A5003CF1F7 /* Datas */ = {
			isa = PBXGroup;
			children = (
				F654535420FD4337003CF1F7 /* TagsCoreData.swift */,
			);
			path = Datas;
			sourceTree = "<group>";
		};
		F654534F20FD42AB003CF1F7 /* Protocols */ = {
			isa = PBXGroup;
			children = (
				F654535220FD42E9003CF1F7 /* TagsRepositoryProtocols.swift */,
			);
			path = Protocols;
			sourceTree = "<group>";
		};
		F654535620FE739F003CF1F7 /* Helpers */ = {
			isa = PBXGroup;
			children = (
				F64C09851F215B1B0020A548 /* FlickrAPI.swift */,
				F654535720FE73CC003CF1F7 /* DateHelper.swift */,
				F6169B90211A4DD200618F77 /* RouterDIProtrocol.swift */,
			);
			path = Helpers;
			sourceTree = "<group>";
		};
		F654536C20FFDFD7003CF1F7 /* transfers */ = {
			isa = PBXGroup;
			children = (
				F654536A20FFDE58003CF1F7 /* Photo.swift */,
				F654536D20FFDFE8003CF1F7 /* photoTransfer.swift */,
			);
			path = transfers;
			sourceTree = "<group>";
		};
		F654536F20FFF16F003CF1F7 /* PhotosRepository */ = {
			isa = PBXGroup;
			children = (
				F654537020FFF184003CF1F7 /* Datas */,
				F654537120FFF18B003CF1F7 /* Protocols */,
				F654537220FFF1A2003CF1F7 /* PhotosRepository.swift */,
			);
			path = PhotosRepository;
			sourceTree = "<group>";
		};
		F654537020FFF184003CF1F7 /* Datas */ = {
			isa = PBXGroup;
			children = (
				F654537420FFF1C8003CF1F7 /* PhotosCoreData.swift */,
				F654537A21000A16003CF1F7 /* PhotosWebData.swift */,
				F6C30FD121013CC80066ABAB /* PhotosCodable.swift */,
			);
			path = Datas;
			sourceTree = "<group>";
		};
		F654537120FFF18B003CF1F7 /* Protocols */ = {
			isa = PBXGroup;
			children = (
				F654537620FFF203003CF1F7 /* PhotosRepositoryProtocol.swift */,
			);
			path = Protocols;
			sourceTree = "<group>";
		};
		F6913F3720F209C3000A0630 /* Entities */ = {
			isa = PBXGroup;
			children = (
				F654536C20FFDFD7003CF1F7 /* transfers */,
				F6B5931A1F24EBC200B4D139 /* Photo+CoreDataClass.swift */,
				F6B5931B1F24EBC200B4D139 /* Photo+CoreDataProperties.swift */,
			);
			path = Entities;
			sourceTree = "<group>";
		};
		F6913F3820F209FE000A0630 /* Tags */ = {
			isa = PBXGroup;
			children = (
				F6913F6420F3F8B3000A0630 /* Interactor */,
				F6913F6320F3F8AC000A0630 /* Presenter */,
				F6913F6220F3F8A5000A0630 /* Protocols */,
				F6913F6120F3F899000A0630 /* View */,
				F6913F6020F3F892000A0630 /* Router */,
			);
			path = Tags;
			sourceTree = "<group>";
		};
		F6913F3A20F20A34000A0630 /* DataManager */ = {
			isa = PBXGroup;
			children = (
				F654534D20FD4294003CF1F7 /* TagsRepository */,
				F654534620FD399E003CF1F7 /* ImageRepository */,
				F654536F20FFF16F003CF1F7 /* PhotosRepository */,
				F64C09871F2161060020A548 /* PhotoStore.swift */,
			);
			path = DataManager;
			sourceTree = "<group>";
		};
		F6913F5320F220F8000A0630 /* Presenter */ = {
			isa = PBXGroup;
			children = (
				F6913F5420F221A8000A0630 /* PhotoInfoPresenter.swift */,
			);
			path = Presenter;
			sourceTree = "<group>";
		};
		F6913F5620F221CA000A0630 /* Protocols */ = {
			isa = PBXGroup;
			children = (
				F6913F5720F221E2000A0630 /* PhotoInfoProtocols.swift */,
			);
			path = Protocols;
			sourceTree = "<group>";
		};
		F6913F5920F227EE000A0630 /* router */ = {
			isa = PBXGroup;
			children = (
				F6913F5B20F2A667000A0630 /* PhotoInfoRouter.swift */,
				F6169B8C211A4A2E00618F77 /* PhotoInfoRouterDI.swift */,
			);
			path = router;
			sourceTree = "<group>";
		};
		F6913F5A20F227F9000A0630 /* View */ = {
			isa = PBXGroup;
			children = (
				F6169B2F2117AD4F00618F77 /* PhotoInfoView.strings */,
				F6D9279E210CD76500703210 /* PhotoInfoView.xib */,
				F60A65971F2407F4007F581B /* PhotoInfoView.swift */,
			);
			path = View;
			sourceTree = "<group>";
		};
		F6913F5D20F3D416000A0630 /* Interactor */ = {
			isa = PBXGroup;
			children = (
				F6913F5E20F3D5CA000A0630 /* PhotoInfoInteractor.swift */,
			);
			path = Interactor;
			sourceTree = "<group>";
		};
		F6913F6020F3F892000A0630 /* Router */ = {
			isa = PBXGroup;
			children = (
				F6913F6D20F3FCFF000A0630 /* TagsRouter.swift */,
				F6169B8E211A4B4F00618F77 /* TagsRouterDI.swift */,
			);
			path = Router;
			sourceTree = "<group>";
		};
		F6913F6120F3F899000A0630 /* View */ = {
			isa = PBXGroup;
			children = (
				F6D927A3210CD7C400703210 /* Localizable.strings */,
				F654533420F81A88003CF1F7 /* TagsView.xib */,
				F6913F6B20F3FCEC000A0630 /* TagsView.swift */,
				F6B4FF38211703D9008527D6 /* TagsView-Delegate.swift */,
				F6B4FF3621170380008527D6 /* TagsView+DataSource.swift */,
			);
			path = View;
			sourceTree = "<group>";
		};
		F6913F6220F3F8A5000A0630 /* Protocols */ = {
			isa = PBXGroup;
			children = (
				F6913F6920F3FCDD000A0630 /* TagsProtocols.swift */,
			);
			path = Protocols;
			sourceTree = "<group>";
		};
		F6913F6320F3F8AC000A0630 /* Presenter */ = {
			isa = PBXGroup;
			children = (
				F6913F6720F3FCCF000A0630 /* TagsPresenter.swift */,
			);
			path = Presenter;
			sourceTree = "<group>";
		};
		F6913F6420F3F8B3000A0630 /* Interactor */ = {
			isa = PBXGroup;
			children = (
				F6913F6520F3FCBA000A0630 /* TagsInteractor.swift */,
			);
			path = Interactor;
			sourceTree = "<group>";
		};
		F6913F6F20F55ACA000A0630 /* Interactor */ = {
			isa = PBXGroup;
			children = (
				F6913F7C20F55DDB000A0630 /* PhotosInteractor.swift */,
			);
			path = Interactor;
			sourceTree = "<group>";
		};
		F6913F7020F55AD4000A0630 /* Presenter */ = {
			isa = PBXGroup;
			children = (
				F6913F7A20F55DCF000A0630 /* PhotosPresenter.swift */,
			);
			path = Presenter;
			sourceTree = "<group>";
		};
		F6913F7120F55ADB000A0630 /* Protocol */ = {
			isa = PBXGroup;
			children = (
				F6913F7820F55DC2000A0630 /* PhotosProtocols.swift */,
			);
			path = Protocol;
			sourceTree = "<group>";
		};
		F6913F7220F55AE1000A0630 /* View */ = {
			isa = PBXGroup;
			children = (
				F6913F8E20F6A9E1000A0630 /* PhotosTableCellView.xib */,
				F60A65951F23A5D3007F581B /* PhotosTableCellView.swift */,
				F654530D20F6D787003CF1F7 /* PhotosView.xib */,
				F6913F7620F55DB7000A0630 /* PhotosView.swift */,
				F6B4FF3C21170475008527D6 /* PhotosView+Delegate.swift */,
				F6B4FF3A2117046A008527D6 /* PhotosView+DataSource.swift */,
			);
			path = View;
			sourceTree = "<group>";
		};
		F6913F7320F55AE7000A0630 /* Router */ = {
			isa = PBXGroup;
			children = (
				F6913F7420F55DAA000A0630 /* PhotosRouter.swift */,
				F6169B8A211A3E9700618F77 /* PhotosRouterDI.swift */,
			);
			path = Router;
			sourceTree = "<group>";
		};
		F6C30FD72105C4640066ABAB /* CoreData */ = {
			isa = PBXGroup;
			children = (
				F6586D8D1F24E21D003ED305 /* Photorama.xcdatamodeld */,
				F6B5931E1F24ED0B00B4D139 /* CoreDataStack.swift */,
			);
			path = CoreData;
			sourceTree = "<group>";
		};
		F6ED4AC8211B970800FB05EC /* Mocks */ = {
			isa = PBXGroup;
			children = (
				F6ED4AC4211B96EA00FB05EC /* MockTagsInteractor.swift */,
				F6ED4AC6211B970400FB05EC /* MockTagsView.swift */,
				F6ED4AC9211B971A00FB05EC /* MockTagsPresenter.swift */,
				F6ED4ACB211B972900FB05EC /* MockTagsRouter.swift */,
				F6ED4ACD211B973700FB05EC /* MockPhotoStore.swift */,
			);
			path = Mocks;
			sourceTree = "<group>";
		};
/* End PBXGroup section */

/* Begin PBXNativeTarget section */
		F6169B382118F6EA00618F77 /* PhotoramaTests */ = {
			isa = PBXNativeTarget;
			buildConfigurationList = F6169B402118F6EA00618F77 /* Build configuration list for PBXNativeTarget "PhotoramaTests" */;
			buildPhases = (
				CE4620AE7174D3B1AECC978B /* [CP] Check Pods Manifest.lock */,
				F6169B352118F6EA00618F77 /* Sources */,
				F6169B362118F6EA00618F77 /* Frameworks */,
				F6169B372118F6EA00618F77 /* Resources */,
				4E07049A1110B8D85302B062 /* [CP] Embed Pods Frameworks */,
			);
			buildRules = (
			);
			dependencies = (
				F6169B3F2118F6EA00618F77 /* PBXTargetDependency */,
			);
			name = PhotoramaTests;
			productName = PhotoramaTests;
			productReference = F6169B392118F6EA00618F77 /* PhotoramaTests.xctest */;
			productType = "com.apple.product-type.bundle.unit-test";
		};
		F6180E652120E064008BA6E1 /* PhotoramaUITests */ = {
			isa = PBXNativeTarget;
			buildConfigurationList = F6180E6D2120E065008BA6E1 /* Build configuration list for PBXNativeTarget "PhotoramaUITests" */;
			buildPhases = (
				F6180E622120E064008BA6E1 /* Sources */,
				F6180E632120E064008BA6E1 /* Frameworks */,
				F6180E642120E064008BA6E1 /* Resources */,
			);
			buildRules = (
			);
			dependencies = (
				F6180E6C2120E065008BA6E1 /* PBXTargetDependency */,
			);
			name = PhotoramaUITests;
			productName = PhotoramaUITests;
			productReference = F6180E662120E064008BA6E1 /* PhotoramaUITests.xctest */;
			productType = "com.apple.product-type.bundle.ui-testing";
		};
		F64C096D1F2155320020A548 /* Photorama */ = {
			isa = PBXNativeTarget;
			buildConfigurationList = F64C09801F2155320020A548 /* Build configuration list for PBXNativeTarget "Photorama" */;
			buildPhases = (
				C2AD344EDFEEDAABE2143E9A /* [CP] Check Pods Manifest.lock */,
				F64C096A1F2155320020A548 /* Sources */,
				F64C096B1F2155320020A548 /* Frameworks */,
				F64C096C1F2155320020A548 /* Resources */,
				2CA33420D5609CAB8F7D19C1 /* [CP] Embed Pods Frameworks */,
			);
			buildRules = (
			);
			dependencies = (
			);
			name = Photorama;
			productName = Photorama;
			productReference = F64C096E1F2155320020A548 /* Photorama.app */;
			productType = "com.apple.product-type.application";
		};
/* End PBXNativeTarget section */

/* Begin PBXProject section */
		F64C09661F2155320020A548 /* Project object */ = {
			isa = PBXProject;
			attributes = {
				LastSwiftUpdateCheck = 0930;
				LastUpgradeCheck = 0930;
				ORGANIZATIONNAME = "juan sicilia";
				TargetAttributes = {
					F6169B382118F6EA00618F77 = {
						CreatedOnToolsVersion = 9.3.1;
						ProvisioningStyle = Automatic;
						TestTargetID = F64C096D1F2155320020A548;
					};
					F6180E652120E064008BA6E1 = {
						CreatedOnToolsVersion = 9.3.1;
						ProvisioningStyle = Automatic;
						TestTargetID = F64C096D1F2155320020A548;
					};
					F64C096D1F2155320020A548 = {
						CreatedOnToolsVersion = 9.0;
					};
				};
			};
			buildConfigurationList = F64C09691F2155320020A548 /* Build configuration list for PBXProject "Photorama" */;
			compatibilityVersion = "Xcode 8.0";
			developmentRegion = en;
			hasScannedForEncodings = 0;
			knownRegions = (
				en,
				Base,
				es,
			);
			mainGroup = F64C09651F2155320020A548;
			productRefGroup = F64C096F1F2155320020A548 /* Products */;
			projectDirPath = "";
			projectRoot = "";
			targets = (
				F64C096D1F2155320020A548 /* Photorama */,
				F6169B382118F6EA00618F77 /* PhotoramaTests */,
				F6180E652120E064008BA6E1 /* PhotoramaUITests */,
			);
		};
/* End PBXProject section */

/* Begin PBXResourcesBuildPhase section */
		F6169B372118F6EA00618F77 /* Resources */ = {
			isa = PBXResourcesBuildPhase;
			buildActionMask = 2147483647;
			files = (
				F6ED4AFD211B9C9400FB05EC /* PhotoInfoView.strings in Resources */,
				F6ED4AFE211B9C9900FB05EC /* PhotoInfoView.xib in Resources */,
				F6ED4AF2211B9C6600FB05EC /* PhotosTableCellView.xib in Resources */,
				F6ED4AD4211B9BAA00FB05EC /* TagsView.xib in Resources */,
				F6ED4AD5211B9BAE00FB05EC /* Localizable.strings in Resources */,
				F6ED4AF4211B9C6D00FB05EC /* PhotosView.xib in Resources */,
			);
			runOnlyForDeploymentPostprocessing = 0;
		};
		F6180E642120E064008BA6E1 /* Resources */ = {
			isa = PBXResourcesBuildPhase;
			buildActionMask = 2147483647;
			files = (
			);
			runOnlyForDeploymentPostprocessing = 0;
		};
		F64C096C1F2155320020A548 /* Resources */ = {
			isa = PBXResourcesBuildPhase;
			buildActionMask = 2147483647;
			files = (
				F64C097C1F2155320020A548 /* LaunchScreen.storyboard in Resources */,
				F64C09791F2155320020A548 /* Assets.xcassets in Resources */,
				F64C09771F2155320020A548 /* Main.storyboard in Resources */,
				F6D927A0210CD76500703210 /* PhotoInfoView.xib in Resources */,
				F6D927A8210CD7C400703210 /* Localizable.strings in Resources */,
				F6913F8F20F6A9E1000A0630 /* PhotosTableCellView.xib in Resources */,
				F654530E20F6D787003CF1F7 /* PhotosView.xib in Resources */,
				F6169B322117AD4F00618F77 /* PhotoInfoView.strings in Resources */,
				F654533620F81A88003CF1F7 /* TagsView.xib in Resources */,
			);
			runOnlyForDeploymentPostprocessing = 0;
		};
/* End PBXResourcesBuildPhase section */

/* Begin PBXShellScriptBuildPhase section */
		2CA33420D5609CAB8F7D19C1 /* [CP] Embed Pods Frameworks */ = {
			isa = PBXShellScriptBuildPhase;
			buildActionMask = 2147483647;
			files = (
			);
			inputPaths = (
				"${SRCROOT}/Pods/Target Support Files/Pods-Photorama/Pods-Photorama-frameworks.sh",
				"${BUILT_PRODUCTS_DIR}/Swinject/Swinject.framework",
			);
			name = "[CP] Embed Pods Frameworks";
			outputPaths = (
				"${TARGET_BUILD_DIR}/${FRAMEWORKS_FOLDER_PATH}/Swinject.framework",
			);
			runOnlyForDeploymentPostprocessing = 0;
			shellPath = /bin/sh;
			shellScript = "\"${SRCROOT}/Pods/Target Support Files/Pods-Photorama/Pods-Photorama-frameworks.sh\"\n";
			showEnvVarsInLog = 0;
		};
		4E07049A1110B8D85302B062 /* [CP] Embed Pods Frameworks */ = {
			isa = PBXShellScriptBuildPhase;
			buildActionMask = 2147483647;
			files = (
			);
			inputPaths = (
				"${SRCROOT}/Pods/Target Support Files/Pods-PhotoramaTests/Pods-PhotoramaTests-frameworks.sh",
				"${BUILT_PRODUCTS_DIR}/Swinject/Swinject.framework",
			);
			name = "[CP] Embed Pods Frameworks";
			outputPaths = (
				"${TARGET_BUILD_DIR}/${FRAMEWORKS_FOLDER_PATH}/Swinject.framework",
			);
			runOnlyForDeploymentPostprocessing = 0;
			shellPath = /bin/sh;
			shellScript = "\"${SRCROOT}/Pods/Target Support Files/Pods-PhotoramaTests/Pods-PhotoramaTests-frameworks.sh\"\n";
			showEnvVarsInLog = 0;
		};
		C2AD344EDFEEDAABE2143E9A /* [CP] Check Pods Manifest.lock */ = {
			isa = PBXShellScriptBuildPhase;
			buildActionMask = 2147483647;
			files = (
			);
			inputPaths = (
				"${PODS_PODFILE_DIR_PATH}/Podfile.lock",
				"${PODS_ROOT}/Manifest.lock",
			);
			name = "[CP] Check Pods Manifest.lock";
			outputPaths = (
				"$(DERIVED_FILE_DIR)/Pods-Photorama-checkManifestLockResult.txt",
			);
			runOnlyForDeploymentPostprocessing = 0;
			shellPath = /bin/sh;
			shellScript = "diff \"${PODS_PODFILE_DIR_PATH}/Podfile.lock\" \"${PODS_ROOT}/Manifest.lock\" > /dev/null\nif [ $? != 0 ] ; then\n    # print error to STDERR\n    echo \"error: The sandbox is not in sync with the Podfile.lock. Run 'pod install' or update your CocoaPods installation.\" >&2\n    exit 1\nfi\n# This output is used by Xcode 'outputs' to avoid re-running this script phase.\necho \"SUCCESS\" > \"${SCRIPT_OUTPUT_FILE_0}\"\n";
			showEnvVarsInLog = 0;
		};
		CE4620AE7174D3B1AECC978B /* [CP] Check Pods Manifest.lock */ = {
			isa = PBXShellScriptBuildPhase;
			buildActionMask = 2147483647;
			files = (
			);
			inputPaths = (
				"${PODS_PODFILE_DIR_PATH}/Podfile.lock",
				"${PODS_ROOT}/Manifest.lock",
			);
			name = "[CP] Check Pods Manifest.lock";
			outputPaths = (
				"$(DERIVED_FILE_DIR)/Pods-PhotoramaTests-checkManifestLockResult.txt",
			);
			runOnlyForDeploymentPostprocessing = 0;
			shellPath = /bin/sh;
			shellScript = "diff \"${PODS_PODFILE_DIR_PATH}/Podfile.lock\" \"${PODS_ROOT}/Manifest.lock\" > /dev/null\nif [ $? != 0 ] ; then\n    # print error to STDERR\n    echo \"error: The sandbox is not in sync with the Podfile.lock. Run 'pod install' or update your CocoaPods installation.\" >&2\n    exit 1\nfi\n# This output is used by Xcode 'outputs' to avoid re-running this script phase.\necho \"SUCCESS\" > \"${SCRIPT_OUTPUT_FILE_0}\"\n";
			showEnvVarsInLog = 0;
		};
/* End PBXShellScriptBuildPhase section */

/* Begin PBXSourcesBuildPhase section */
		F6169B352118F6EA00618F77 /* Sources */ = {
			isa = PBXSourcesBuildPhase;
			buildActionMask = 2147483647;
			files = (
				F6ED4AE9211B9C3D00FB05EC /* PhotosRepositoryProtocol.swift in Sources */,
				F6ED4AD6211B9BB100FB05EC /* TagsView+DataSource.swift in Sources */,
				F6ED4B02211B9EBD00FB05EC /* TagsRepositoryProtocols.swift in Sources */,
				F6180E32211CEC01008BA6E1 /* TestHelpers.swift in Sources */,
				F6169B622118F9F900618F77 /* TagsCoreDataTests.swift in Sources */,
				F6ED4AF5211B9C7000FB05EC /* PhotosView.swift in Sources */,
				F6ED4AE4211B9C2900FB05EC /* ImageRepositoryProtocols.swift in Sources */,
				F6ED4AFF211B9CA000FB05EC /* PhotoInfoView.swift in Sources */,
				F6ED4AF3211B9C6A00FB05EC /* PhotosTableCellView.swift in Sources */,
				F6ED4AEC211B9C4700FB05EC /* FlickrAPI.swift in Sources */,
				F6ED4AFC211B9C8E00FB05EC /* PhotoInfoProtocols.swift in Sources */,
				F6169B802118FD3D00618F77 /* PhotoInfoPresenterTests.swift in Sources */,
				F6ED4AD2211B9BA100FB05EC /* TagsView.swift in Sources */,
				F6169B702118FB3600618F77 /* PhotosInteractorTests.swift in Sources */,
				F6ED4AD3211B9BA300FB05EC /* TagsView-Delegate.swift in Sources */,
				F6169B3C2118F6EA00618F77 /* PhotoramaTests.swift in Sources */,
				F6169B642118FA2900618F77 /* TagsRepositoryTests.swift in Sources */,
				F6ED4ADD211B9C0D00FB05EC /* Photo+CoreDataClass.swift in Sources */,
				F6ED4ADE211B9C1000FB05EC /* Photo+CoreDataProperties.swift in Sources */,
				F6169B492118F7B500618F77 /* TagsInteractorTests.swift in Sources */,
				F6169B722118FB8200618F77 /* PhotosPresenterTests.swift in Sources */,
				F6ED4AD9211B9BE100FB05EC /* Photo.swift in Sources */,
				F6ED4B01211B9CB600FB05EC /* PhotoInfoRouterDI.swift in Sources */,
				F6ED4AF0211B9C5D00FB05EC /* PhotosPresenter.swift in Sources */,
				F6ED4AFB211B9C8A00FB05EC /* PhotoInfoPresenter.swift in Sources */,
				F6ED4AEE211B9C4D00FB05EC /* RouterDIProtrocol.swift in Sources */,
				F6ED4AC7211B970400FB05EC /* MockTagsView.swift in Sources */,
				F6ED4AE8211B9C3900FB05EC /* PhotosCodable.swift in Sources */,
				F6ED4AE7211B9C3500FB05EC /* PhotosWebData.swift in Sources */,
				F6ED4ACA211B971A00FB05EC /* MockTagsPresenter.swift in Sources */,
				F6169B5A2118F96000618F77 /* PhotoTests.swift in Sources */,
				F6ED4AFA211B9C8500FB05EC /* PhotoInfoInteractor.swift in Sources */,
				F6ED4AE5211B9C2C00FB05EC /* ImageRepository.swift in Sources */,
				F6ED4AE0211B9C1B00FB05EC /* TagsRepository.swift in Sources */,
				F6ED4AEA211B9C4000FB05EC /* PhotosRepository.swift in Sources */,
				F6ED4AF6211B9C7400FB05EC /* PhotosView+Delegate.swift in Sources */,
				F6ED4ACF211B9B9600FB05EC /* TagsInteractor.swift in Sources */,
				F6ED4AE6211B9C3200FB05EC /* PhotosCoreData.swift in Sources */,
				F6ED4AD8211B9BB700FB05EC /* TagsRouterDI.swift in Sources */,
				F6169B5C2118F98800618F77 /* PhotoTransferTests.swift in Sources */,
				F6ED4AF7211B9C7700FB05EC /* PhotosView+DataSource.swift in Sources */,
				F6ED4ACC211B972900FB05EC /* MockTagsRouter.swift in Sources */,
				F6ED4AED211B9C4A00FB05EC /* DateHelper.swift in Sources */,
				F6ED4AD0211B9B9900FB05EC /* TagsPresenter.swift in Sources */,
				F6169B4B2118F7F800618F77 /* TagsPresenterTests.swift in Sources */,
				F6ED4ADC211B9C0B00FB05EC /* photoTransfer.swift in Sources */,
				F6ED4ADB211B9BFE00FB05EC /* CoreDataStack.swift in Sources */,
				F6ED4AD7211B9BB400FB05EC /* TagsRouter.swift in Sources */,
				F6ED4B00211B9CB200FB05EC /* PhotoInfoRouter.swift in Sources */,
				F6ED4AE3211B9C2500FB05EC /* ImageWebData.swift in Sources */,
				F6169B822118FD4E00618F77 /* PhotoInfoInteractorTests.swift in Sources */,
				F6ED4AC5211B96EA00FB05EC /* MockTagsInteractor.swift in Sources */,
				F6ED4AF9211B9C7F00FB05EC /* PhotosRouterDI.swift in Sources */,
				F6ED4ADA211B9BFB00FB05EC /* Photorama.xcdatamodeld in Sources */,
				F6ED4AEF211B9C5800FB05EC /* PhotosInteractor.swift in Sources */,
				F6ED4AEB211B9C4400FB05EC /* PhotoStore.swift in Sources */,
				F6ED4ADF211B9C1700FB05EC /* TagsCoreData.swift in Sources */,
				F6180E352120387D008BA6E1 /* MockcoreDataStack.swift in Sources */,
				F6ED4AE1211B9C1F00FB05EC /* ImageCacheData.swift in Sources */,
				F6ED4ACE211B973700FB05EC /* MockPhotoStore.swift in Sources */,
				F6ED4AD1211B9B9C00FB05EC /* TagsProtocols.swift in Sources */,
				F6ED4AF8211B9C7C00FB05EC /* PhotosRouter.swift in Sources */,
				F6ED4AF1211B9C6100FB05EC /* PhotosProtocols.swift in Sources */,
				F6ED4AE2211B9C2200FB05EC /* ImageFileData.swift in Sources */,
			);
			runOnlyForDeploymentPostprocessing = 0;
		};
		F6180E622120E064008BA6E1 /* Sources */ = {
			isa = PBXSourcesBuildPhase;
			buildActionMask = 2147483647;
			files = (
				F6180E792120E1B4008BA6E1 /* TagsUITests.swift in Sources */,
				F6180E752120E12C008BA6E1 /* PhotosTableUITests.swift in Sources */,
				F6180E772120E199008BA6E1 /* PhotoInfoUITests.swift in Sources */,
			);
			runOnlyForDeploymentPostprocessing = 0;
		};
		F64C096A1F2155320020A548 /* Sources */ = {
			isa = PBXSourcesBuildPhase;
			buildActionMask = 2147483647;
			files = (
				F654535820FE73CC003CF1F7 /* DateHelper.swift in Sources */,
				F6913F7720F55DB7000A0630 /* PhotosView.swift in Sources */,
				F654537320FFF1A2003CF1F7 /* PhotosRepository.swift in Sources */,
				F64C09861F215B1B0020A548 /* FlickrAPI.swift in Sources */,
				F654535520FD4337003CF1F7 /* TagsCoreData.swift in Sources */,
				F6169B8B211A3E9700618F77 /* PhotosRouterDI.swift in Sources */,
				F6C30FD221013CC80066ABAB /* PhotosCodable.swift in Sources */,
				F654537520FFF1C8003CF1F7 /* PhotosCoreData.swift in Sources */,
				F6169B8F211A4B4F00618F77 /* TagsRouterDI.swift in Sources */,
				F6913F5520F221A8000A0630 /* PhotoInfoPresenter.swift in Sources */,
				F6913F7B20F55DCF000A0630 /* PhotosPresenter.swift in Sources */,
				F6586D8F1F24E21D003ED305 /* Photorama.xcdatamodeld in Sources */,
				F6913F7520F55DAA000A0630 /* PhotosRouter.swift in Sources */,
				F6913F5F20F3D5CA000A0630 /* PhotoInfoInteractor.swift in Sources */,
				F64C09881F2161060020A548 /* PhotoStore.swift in Sources */,
				F654537720FFF203003CF1F7 /* PhotosRepositoryProtocol.swift in Sources */,
				F654534320FD37B8003CF1F7 /* ImageFileData.swift in Sources */,
				F654536B20FFDE58003CF1F7 /* Photo.swift in Sources */,
				F6B4FF39211703D9008527D6 /* TagsView-Delegate.swift in Sources */,
				F6B4FF3D21170475008527D6 /* PhotosView+Delegate.swift in Sources */,
				F654534120FD36DD003CF1F7 /* ImageCacheData.swift in Sources */,
				F6913F6C20F3FCEC000A0630 /* TagsView.swift in Sources */,
				F60A65961F23A5D3007F581B /* PhotosTableCellView.swift in Sources */,
				F6913F7920F55DC2000A0630 /* PhotosProtocols.swift in Sources */,
				F6913F5820F221E2000A0630 /* PhotoInfoProtocols.swift in Sources */,
				F654536E20FFDFE8003CF1F7 /* photoTransfer.swift in Sources */,
				F654535120FD42BB003CF1F7 /* TagsRepository.swift in Sources */,
				F63C45D420F0C77100248D36 /* ImageRepository.swift in Sources */,
				F6B5931F1F24ED0B00B4D139 /* CoreDataStack.swift in Sources */,
				F6B5931C1F24EBC200B4D139 /* Photo+CoreDataClass.swift in Sources */,
				F654537B21000A16003CF1F7 /* PhotosWebData.swift in Sources */,
				F6913F6E20F3FCFF000A0630 /* TagsRouter.swift in Sources */,
				F6B4FF3721170380008527D6 /* TagsView+DataSource.swift in Sources */,
				F6B4FF3B2117046A008527D6 /* PhotosView+DataSource.swift in Sources */,
				F6169B91211A4DD200618F77 /* RouterDIProtrocol.swift in Sources */,
				F654537920FFF9A9003CF1F7 /* ImageWebData.swift in Sources */,
				F6913F6820F3FCCF000A0630 /* TagsPresenter.swift in Sources */,
				F60A65981F2407F4007F581B /* PhotoInfoView.swift in Sources */,
				F6B5931D1F24EBC200B4D139 /* Photo+CoreDataProperties.swift in Sources */,
				F6913F6A20F3FCDD000A0630 /* TagsProtocols.swift in Sources */,
				F6913F6620F3FCBA000A0630 /* TagsInteractor.swift in Sources */,
				F6913F7D20F55DDB000A0630 /* PhotosInteractor.swift in Sources */,
				F6169B8D211A4A2E00618F77 /* PhotoInfoRouterDI.swift in Sources */,
				F654534520FD37CC003CF1F7 /* ImageRepositoryProtocols.swift in Sources */,
				F64C09721F2155320020A548 /* AppDelegate.swift in Sources */,
				F654535320FD42E9003CF1F7 /* TagsRepositoryProtocols.swift in Sources */,
				F6913F5C20F2A667000A0630 /* PhotoInfoRouter.swift in Sources */,
			);
			runOnlyForDeploymentPostprocessing = 0;
		};
/* End PBXSourcesBuildPhase section */

/* Begin PBXTargetDependency section */
		F6169B3F2118F6EA00618F77 /* PBXTargetDependency */ = {
			isa = PBXTargetDependency;
			target = F64C096D1F2155320020A548 /* Photorama */;
			targetProxy = F6169B3E2118F6EA00618F77 /* PBXContainerItemProxy */;
		};
		F6180E6C2120E065008BA6E1 /* PBXTargetDependency */ = {
			isa = PBXTargetDependency;
			target = F64C096D1F2155320020A548 /* Photorama */;
			targetProxy = F6180E6B2120E065008BA6E1 /* PBXContainerItemProxy */;
		};
/* End PBXTargetDependency section */

/* Begin PBXVariantGroup section */
		F6169B2F2117AD4F00618F77 /* PhotoInfoView.strings */ = {
			isa = PBXVariantGroup;
			children = (
				F6169B302117AD4F00618F77 /* es */,
				F6169B312117AD4F00618F77 /* en */,
			);
			name = PhotoInfoView.strings;
			sourceTree = "<group>";
		};
		F64C09751F2155320020A548 /* Main.storyboard */ = {
			isa = PBXVariantGroup;
			children = (
				F64C09761F2155320020A548 /* Base */,
			);
			name = Main.storyboard;
			sourceTree = "<group>";
		};
		F64C097A1F2155320020A548 /* LaunchScreen.storyboard */ = {
			isa = PBXVariantGroup;
			children = (
				F64C097B1F2155320020A548 /* Base */,
			);
			name = LaunchScreen.storyboard;
			sourceTree = "<group>";
		};
		F6D9279E210CD76500703210 /* PhotoInfoView.xib */ = {
			isa = PBXVariantGroup;
			children = (
				F6D9279F210CD76500703210 /* Base */,
			);
			name = PhotoInfoView.xib;
			sourceTree = "<group>";
		};
		F6D927A3210CD7C400703210 /* Localizable.strings */ = {
			isa = PBXVariantGroup;
			children = (
				F6D927A4210CD7C400703210 /* es */,
				F6D927A5210CD7C400703210 /* en */,
			);
			name = Localizable.strings;
			sourceTree = "<group>";
		};
/* End PBXVariantGroup section */

/* Begin XCBuildConfiguration section */
		F6169B412118F6EA00618F77 /* Debug */ = {
			isa = XCBuildConfiguration;
			baseConfigurationReference = DFCD6F9404CCD2557C10743C /* Pods-PhotoramaTests.debug.xcconfig */;
			buildSettings = {
				BUNDLE_LOADER = "$(TEST_HOST)";
				CLANG_ENABLE_OBJC_WEAK = YES;
				CODE_SIGN_STYLE = Automatic;
				DEVELOPMENT_TEAM = CX8LB8JWWF;
				INFOPLIST_FILE = PhotoramaTests/Info.plist;
				IPHONEOS_DEPLOYMENT_TARGET = 11.3;
				LD_RUNPATH_SEARCH_PATHS = "$(inherited) @executable_path/Frameworks @loader_path/Frameworks";
				PRODUCT_BUNDLE_IDENTIFIER = es.juansicilia.PhotoramaTests;
				PRODUCT_NAME = "$(TARGET_NAME)";
				SWIFT_VERSION = 4.0;
				TARGETED_DEVICE_FAMILY = "1,2";
				TEST_HOST = "$(BUILT_PRODUCTS_DIR)/Photorama.app/Photorama";
			};
			name = Debug;
		};
		F6169B422118F6EA00618F77 /* Release */ = {
			isa = XCBuildConfiguration;
			baseConfigurationReference = 85867D90C5CE6327C85FC257 /* Pods-PhotoramaTests.release.xcconfig */;
			buildSettings = {
				BUNDLE_LOADER = "$(TEST_HOST)";
				CLANG_ENABLE_OBJC_WEAK = YES;
				CODE_SIGN_STYLE = Automatic;
				DEVELOPMENT_TEAM = CX8LB8JWWF;
				INFOPLIST_FILE = PhotoramaTests/Info.plist;
				IPHONEOS_DEPLOYMENT_TARGET = 11.3;
				LD_RUNPATH_SEARCH_PATHS = "$(inherited) @executable_path/Frameworks @loader_path/Frameworks";
				PRODUCT_BUNDLE_IDENTIFIER = es.juansicilia.PhotoramaTests;
				PRODUCT_NAME = "$(TARGET_NAME)";
				SWIFT_VERSION = 4.0;
				TARGETED_DEVICE_FAMILY = "1,2";
				TEST_HOST = "$(BUILT_PRODUCTS_DIR)/Photorama.app/Photorama";
			};
			name = Release;
		};
		F6180E6E2120E065008BA6E1 /* Debug */ = {
			isa = XCBuildConfiguration;
			buildSettings = {
				CLANG_ENABLE_OBJC_WEAK = YES;
				CODE_SIGN_STYLE = Automatic;
				INFOPLIST_FILE = PhotoramaUITests/Info.plist;
				IPHONEOS_DEPLOYMENT_TARGET = 11.3;
				LD_RUNPATH_SEARCH_PATHS = "$(inherited) @executable_path/Frameworks @loader_path/Frameworks";
				PRODUCT_BUNDLE_IDENTIFIER = es.juansicilia.PhotoramaUITests;
				PRODUCT_NAME = "$(TARGET_NAME)";
				SWIFT_VERSION = 4.0;
				TARGETED_DEVICE_FAMILY = "1,2";
				TEST_TARGET_NAME = Photorama;
			};
			name = Debug;
		};
		F6180E6F2120E065008BA6E1 /* Release */ = {
			isa = XCBuildConfiguration;
			buildSettings = {
				CLANG_ENABLE_OBJC_WEAK = YES;
				CODE_SIGN_STYLE = Automatic;
				INFOPLIST_FILE = PhotoramaUITests/Info.plist;
				IPHONEOS_DEPLOYMENT_TARGET = 11.3;
				LD_RUNPATH_SEARCH_PATHS = "$(inherited) @executable_path/Frameworks @loader_path/Frameworks";
				PRODUCT_BUNDLE_IDENTIFIER = es.juansicilia.PhotoramaUITests;
				PRODUCT_NAME = "$(TARGET_NAME)";
				SWIFT_VERSION = 4.0;
				TARGETED_DEVICE_FAMILY = "1,2";
				TEST_TARGET_NAME = Photorama;
			};
			name = Release;
		};
		F64C097E1F2155320020A548 /* Debug */ = {
			isa = XCBuildConfiguration;
			buildSettings = {
				ALWAYS_SEARCH_USER_PATHS = NO;
				CLANG_ANALYZER_NONNULL = YES;
				CLANG_ANALYZER_NUMBER_OBJECT_CONVERSION = YES_AGGRESSIVE;
				CLANG_CXX_LANGUAGE_STANDARD = "gnu++14";
				CLANG_CXX_LIBRARY = "libc++";
				CLANG_ENABLE_MODULES = YES;
				CLANG_ENABLE_OBJC_ARC = YES;
				CLANG_WARN_BLOCK_CAPTURE_AUTORELEASING = YES;
				CLANG_WARN_BOOL_CONVERSION = YES;
				CLANG_WARN_COMMA = YES;
				CLANG_WARN_CONSTANT_CONVERSION = YES;
				CLANG_WARN_DEPRECATED_OBJC_IMPLEMENTATIONS = YES;
				CLANG_WARN_DIRECT_OBJC_ISA_USAGE = YES_ERROR;
				CLANG_WARN_DOCUMENTATION_COMMENTS = YES;
				CLANG_WARN_EMPTY_BODY = YES;
				CLANG_WARN_ENUM_CONVERSION = YES;
				CLANG_WARN_INFINITE_RECURSION = YES;
				CLANG_WARN_INT_CONVERSION = YES;
				CLANG_WARN_NON_LITERAL_NULL_CONVERSION = YES;
				CLANG_WARN_OBJC_IMPLICIT_RETAIN_SELF = YES;
				CLANG_WARN_OBJC_LITERAL_CONVERSION = YES;
				CLANG_WARN_OBJC_ROOT_CLASS = YES_ERROR;
				CLANG_WARN_RANGE_LOOP_ANALYSIS = YES;
				CLANG_WARN_STRICT_PROTOTYPES = YES;
				CLANG_WARN_SUSPICIOUS_MOVE = YES;
				CLANG_WARN_UNGUARDED_AVAILABILITY = YES_AGGRESSIVE;
				CLANG_WARN_UNREACHABLE_CODE = YES;
				CLANG_WARN__DUPLICATE_METHOD_MATCH = YES;
				CODE_SIGN_IDENTITY = "iPhone Developer";
				COPY_PHASE_STRIP = NO;
				DEBUG_INFORMATION_FORMAT = dwarf;
				ENABLE_STRICT_OBJC_MSGSEND = YES;
				ENABLE_TESTABILITY = YES;
				GCC_C_LANGUAGE_STANDARD = gnu11;
				GCC_DYNAMIC_NO_PIC = NO;
				GCC_NO_COMMON_BLOCKS = YES;
				GCC_OPTIMIZATION_LEVEL = 0;
				GCC_PREPROCESSOR_DEFINITIONS = (
					"DEBUG=1",
					"$(inherited)",
				);
				GCC_WARN_64_TO_32_BIT_CONVERSION = YES;
				GCC_WARN_ABOUT_RETURN_TYPE = YES_ERROR;
				GCC_WARN_UNDECLARED_SELECTOR = YES;
				GCC_WARN_UNINITIALIZED_AUTOS = YES_AGGRESSIVE;
				GCC_WARN_UNUSED_FUNCTION = YES;
				GCC_WARN_UNUSED_VARIABLE = YES;
				IPHONEOS_DEPLOYMENT_TARGET = 11.0;
				MTL_ENABLE_DEBUG_INFO = YES;
				ONLY_ACTIVE_ARCH = YES;
				SDKROOT = iphoneos;
				SWIFT_ACTIVE_COMPILATION_CONDITIONS = DEBUG;
				SWIFT_OPTIMIZATION_LEVEL = "-Onone";
			};
			name = Debug;
		};
		F64C097F1F2155320020A548 /* Release */ = {
			isa = XCBuildConfiguration;
			buildSettings = {
				ALWAYS_SEARCH_USER_PATHS = NO;
				CLANG_ANALYZER_NONNULL = YES;
				CLANG_ANALYZER_NUMBER_OBJECT_CONVERSION = YES_AGGRESSIVE;
				CLANG_CXX_LANGUAGE_STANDARD = "gnu++14";
				CLANG_CXX_LIBRARY = "libc++";
				CLANG_ENABLE_MODULES = YES;
				CLANG_ENABLE_OBJC_ARC = YES;
				CLANG_WARN_BLOCK_CAPTURE_AUTORELEASING = YES;
				CLANG_WARN_BOOL_CONVERSION = YES;
				CLANG_WARN_COMMA = YES;
				CLANG_WARN_CONSTANT_CONVERSION = YES;
				CLANG_WARN_DEPRECATED_OBJC_IMPLEMENTATIONS = YES;
				CLANG_WARN_DIRECT_OBJC_ISA_USAGE = YES_ERROR;
				CLANG_WARN_DOCUMENTATION_COMMENTS = YES;
				CLANG_WARN_EMPTY_BODY = YES;
				CLANG_WARN_ENUM_CONVERSION = YES;
				CLANG_WARN_INFINITE_RECURSION = YES;
				CLANG_WARN_INT_CONVERSION = YES;
				CLANG_WARN_NON_LITERAL_NULL_CONVERSION = YES;
				CLANG_WARN_OBJC_IMPLICIT_RETAIN_SELF = YES;
				CLANG_WARN_OBJC_LITERAL_CONVERSION = YES;
				CLANG_WARN_OBJC_ROOT_CLASS = YES_ERROR;
				CLANG_WARN_RANGE_LOOP_ANALYSIS = YES;
				CLANG_WARN_STRICT_PROTOTYPES = YES;
				CLANG_WARN_SUSPICIOUS_MOVE = YES;
				CLANG_WARN_UNGUARDED_AVAILABILITY = YES_AGGRESSIVE;
				CLANG_WARN_UNREACHABLE_CODE = YES;
				CLANG_WARN__DUPLICATE_METHOD_MATCH = YES;
				CODE_SIGN_IDENTITY = "iPhone Developer";
				COPY_PHASE_STRIP = NO;
				DEBUG_INFORMATION_FORMAT = "dwarf-with-dsym";
				ENABLE_NS_ASSERTIONS = NO;
				ENABLE_STRICT_OBJC_MSGSEND = YES;
				GCC_C_LANGUAGE_STANDARD = gnu11;
				GCC_NO_COMMON_BLOCKS = YES;
				GCC_WARN_64_TO_32_BIT_CONVERSION = YES;
				GCC_WARN_ABOUT_RETURN_TYPE = YES_ERROR;
				GCC_WARN_UNDECLARED_SELECTOR = YES;
				GCC_WARN_UNINITIALIZED_AUTOS = YES_AGGRESSIVE;
				GCC_WARN_UNUSED_FUNCTION = YES;
				GCC_WARN_UNUSED_VARIABLE = YES;
				IPHONEOS_DEPLOYMENT_TARGET = 11.0;
				MTL_ENABLE_DEBUG_INFO = NO;
				SDKROOT = iphoneos;
				SWIFT_OPTIMIZATION_LEVEL = "-Owholemodule";
				VALIDATE_PRODUCT = YES;
			};
			name = Release;
		};
		F64C09811F2155320020A548 /* Debug */ = {
			isa = XCBuildConfiguration;
			baseConfigurationReference = 3F9ABD079B2B5295630D1805 /* Pods-Photorama.debug.xcconfig */;
			buildSettings = {
				ASSETCATALOG_COMPILER_APPICON_NAME = AppIcon;
				DEVELOPMENT_TEAM = CX8LB8JWWF;
				INFOPLIST_FILE = Photorama/Info.plist;
				LD_RUNPATH_SEARCH_PATHS = "$(inherited) @executable_path/Frameworks";
				PRODUCT_BUNDLE_IDENTIFIER = es.juansicilia.www.Photorama;
				PRODUCT_NAME = "$(TARGET_NAME)";
				SWIFT_VERSION = 4.0;
				TARGETED_DEVICE_FAMILY = "1,2";
			};
			name = Debug;
		};
		F64C09821F2155320020A548 /* Release */ = {
			isa = XCBuildConfiguration;
			baseConfigurationReference = 8BAEE9D2CA0F5F7DDD2DDB91 /* Pods-Photorama.release.xcconfig */;
			buildSettings = {
				ASSETCATALOG_COMPILER_APPICON_NAME = AppIcon;
				DEVELOPMENT_TEAM = CX8LB8JWWF;
				INFOPLIST_FILE = Photorama/Info.plist;
				LD_RUNPATH_SEARCH_PATHS = "$(inherited) @executable_path/Frameworks";
				PRODUCT_BUNDLE_IDENTIFIER = es.juansicilia.www.Photorama;
				PRODUCT_NAME = "$(TARGET_NAME)";
				SWIFT_VERSION = 4.0;
				TARGETED_DEVICE_FAMILY = "1,2";
			};
			name = Release;
		};
/* End XCBuildConfiguration section */

/* Begin XCConfigurationList section */
		F6169B402118F6EA00618F77 /* Build configuration list for PBXNativeTarget "PhotoramaTests" */ = {
			isa = XCConfigurationList;
			buildConfigurations = (
				F6169B412118F6EA00618F77 /* Debug */,
				F6169B422118F6EA00618F77 /* Release */,
			);
			defaultConfigurationIsVisible = 0;
			defaultConfigurationName = Release;
		};
		F6180E6D2120E065008BA6E1 /* Build configuration list for PBXNativeTarget "PhotoramaUITests" */ = {
			isa = XCConfigurationList;
			buildConfigurations = (
				F6180E6E2120E065008BA6E1 /* Debug */,
				F6180E6F2120E065008BA6E1 /* Release */,
			);
			defaultConfigurationIsVisible = 0;
			defaultConfigurationName = Release;
		};
		F64C09691F2155320020A548 /* Build configuration list for PBXProject "Photorama" */ = {
			isa = XCConfigurationList;
			buildConfigurations = (
				F64C097E1F2155320020A548 /* Debug */,
				F64C097F1F2155320020A548 /* Release */,
			);
			defaultConfigurationIsVisible = 0;
			defaultConfigurationName = Release;
		};
		F64C09801F2155320020A548 /* Build configuration list for PBXNativeTarget "Photorama" */ = {
			isa = XCConfigurationList;
			buildConfigurations = (
				F64C09811F2155320020A548 /* Debug */,
				F64C09821F2155320020A548 /* Release */,
			);
			defaultConfigurationIsVisible = 0;
			defaultConfigurationName = Release;
		};
/* End XCConfigurationList section */

/* Begin XCVersionGroup section */
		F6586D8D1F24E21D003ED305 /* Photorama.xcdatamodeld */ = {
			isa = XCVersionGroup;
			children = (
				F6586D8E1F24E21D003ED305 /* Photorama.xcdatamodel */,
			);
			currentVersion = F6586D8E1F24E21D003ED305 /* Photorama.xcdatamodel */;
			path = Photorama.xcdatamodeld;
			sourceTree = "<group>";
			versionGroupType = wrapper.xcdatamodel;
		};
/* End XCVersionGroup section */
	};
	rootObject = F64C09661F2155320020A548 /* Project object */;
}
